PODS:
  - Alamofire (5.4.3)
  - Firebase/Analytics (8.6.1):
    - Firebase/Core
  - Firebase/Auth (8.6.1):
    - Firebase/CoreOnly
    - FirebaseAuth (~> 8.6.0)
  - Firebase/Core (8.6.1):
    - Firebase/CoreOnly
    - FirebaseAnalytics (~> 8.6.0)
  - Firebase/CoreOnly (8.6.1):
    - FirebaseCore (= 8.6.1)
  - Firebase/Messaging (8.6.1):
    - Firebase/CoreOnly
    - FirebaseMessaging (~> 8.6.0)
  - FirebaseAnalytics (8.6.0):
    - FirebaseAnalytics/AdIdSupport (= 8.6.0)
    - FirebaseCore (~> 8.0)
    - FirebaseInstallations (~> 8.0)
    - GoogleUtilities/AppDelegateSwizzler (~> 7.4)
    - GoogleUtilities/MethodSwizzler (~> 7.4)
    - GoogleUtilities/Network (~> 7.4)
    - "GoogleUtilities/NSData+zlib (~> 7.4)"
    - nanopb (~> 2.30908.0)
  - FirebaseAnalytics/AdIdSupport (8.6.0):
    - FirebaseCore (~> 8.0)
    - FirebaseInstallations (~> 8.0)
    - GoogleAppMeasurement (= 8.6.0)
    - GoogleUtilities/AppDelegateSwizzler (~> 7.4)
    - GoogleUtilities/MethodSwizzler (~> 7.4)
    - GoogleUtilities/Network (~> 7.4)
    - "GoogleUtilities/NSData+zlib (~> 7.4)"
    - nanopb (~> 2.30908.0)
  - FirebaseAuth (8.6.0):
    - FirebaseCore (~> 8.0)
    - GoogleUtilities/AppDelegateSwizzler (~> 7.4)
    - GoogleUtilities/Environment (~> 7.4)
    - GTMSessionFetcher/Core (~> 1.5)
  - FirebaseCore (8.6.1):
    - FirebaseCoreDiagnostics (~> 8.0)
    - GoogleUtilities/Environment (~> 7.4)
    - GoogleUtilities/Logger (~> 7.4)
  - FirebaseCoreDiagnostics (8.6.0):
    - GoogleDataTransport (~> 9.0)
    - GoogleUtilities/Environment (~> 7.4)
    - GoogleUtilities/Logger (~> 7.4)
    - nanopb (~> 2.30908.0)
  - FirebaseInstallations (8.6.0):
    - FirebaseCore (~> 8.0)
    - GoogleUtilities/Environment (~> 7.4)
    - GoogleUtilities/UserDefaults (~> 7.4)
    - PromisesObjC (< 3.0, >= 1.2)
  - FirebaseMessaging (8.6.0):
    - FirebaseCore (~> 8.0)
    - FirebaseInstallations (~> 8.0)
    - GoogleDataTransport (~> 9.0)
    - GoogleUtilities/AppDelegateSwizzler (~> 7.4)
    - GoogleUtilities/Environment (~> 7.4)
    - GoogleUtilities/Reachability (~> 7.4)
    - GoogleUtilities/UserDefaults (~> 7.4)
    - nanopb (~> 2.30908.0)
  - GoogleAppMeasurement (8.6.0):
    - GoogleAppMeasurement/AdIdSupport (= 8.6.0)
    - GoogleUtilities/AppDelegateSwizzler (~> 7.4)
    - GoogleUtilities/MethodSwizzler (~> 7.4)
    - GoogleUtilities/Network (~> 7.4)
    - "GoogleUtilities/NSData+zlib (~> 7.4)"
    - nanopb (~> 2.30908.0)
  - GoogleAppMeasurement/AdIdSupport (8.6.0):
    - GoogleUtilities/AppDelegateSwizzler (~> 7.4)
    - GoogleUtilities/MethodSwizzler (~> 7.4)
    - GoogleUtilities/Network (~> 7.4)
    - "GoogleUtilities/NSData+zlib (~> 7.4)"
    - nanopb (~> 2.30908.0)
  - GoogleDataTransport (9.1.0):
    - GoogleUtilities/Environment (~> 7.2)
    - nanopb (~> 2.30908.0)
    - PromisesObjC (< 3.0, >= 1.2)
  - GoogleUtilities/AppDelegateSwizzler (7.5.1):
    - GoogleUtilities/Environment
    - GoogleUtilities/Logger
    - GoogleUtilities/Network
  - GoogleUtilities/Environment (7.5.1):
    - PromisesObjC (< 3.0, >= 1.2)
  - GoogleUtilities/Logger (7.5.1):
    - GoogleUtilities/Environment
  - GoogleUtilities/MethodSwizzler (7.5.1):
    - GoogleUtilities/Logger
  - GoogleUtilities/Network (7.5.1):
    - GoogleUtilities/Logger
    - "GoogleUtilities/NSData+zlib"
    - GoogleUtilities/Reachability
  - "GoogleUtilities/NSData+zlib (7.5.1)"
  - GoogleUtilities/Reachability (7.5.1):
    - GoogleUtilities/Logger
  - GoogleUtilities/UserDefaults (7.5.1):
    - GoogleUtilities/Logger
  - GTMSessionFetcher/Core (1.6.1)
  - KakaoSDK (2.6.0):
    - KakaoSDKAuth (= 2.6.0)
    - KakaoSDKCommon (= 2.6.0)
    - KakaoSDKLink (= 2.6.0)
    - KakaoSDKNavi (= 2.6.0)
    - KakaoSDKStory (= 2.6.0)
    - KakaoSDKTalk (= 2.6.0)
    - KakaoSDKTemplate (= 2.6.0)
    - KakaoSDKUser (= 2.6.0)
  - KakaoSDKAuth (2.6.0):
    - KakaoSDKCommon (= 2.6.0)
  - KakaoSDKCommon (2.6.0):
    - KakaoSDKCommon/Common (= 2.6.0)
    - KakaoSDKCommon/Network (= 2.6.0)
  - KakaoSDKCommon/Common (2.6.0)
  - KakaoSDKCommon/Network (2.6.0):
    - Alamofire (~> 5.1)
    - KakaoSDKCommon/Common (= 2.6.0)
  - KakaoSDKLink (2.6.0):
    - KakaoSDKCommon (= 2.6.0)
    - KakaoSDKTemplate (= 2.6.0)
  - KakaoSDKNavi (2.6.0):
    - KakaoSDKCommon/Common (= 2.6.0)
  - KakaoSDKStory (2.6.0):
    - KakaoSDKUser (= 2.6.0)
  - KakaoSDKTalk (2.6.0):
    - KakaoSDKTemplate (= 2.6.0)
    - KakaoSDKUser (= 2.6.0)
  - KakaoSDKTemplate (2.6.0):
    - KakaoSDKCommon/Common (= 2.6.0)
  - KakaoSDKUser (2.6.0):
    - KakaoSDKAuth (= 2.6.0)
  - lottie-ios (3.2.3)
  - nanopb (2.30908.0):
    - nanopb/decode (= 2.30908.0)
    - nanopb/encode (= 2.30908.0)
  - nanopb/decode (2.30908.0)
  - nanopb/encode (2.30908.0)
  - Pageboy (3.6.2)
  - Promises (2.0.4)
  - PromisesObjC (2.0.0)
  - Reveal-SDK (31)
  - SDWebImage (5.11.1):
    - SDWebImage/Core (= 5.11.1)
  - SDWebImage/Core (5.11.1)
  - SnapKit (5.0.1)
  - SwiftLint (0.43.1)
  - SwiftyJSON (5.0.1)

DEPENDENCIES:
  - Alamofire
  - Firebase/Analytics
  - Firebase/Auth
  - Firebase/Messaging
  - KakaoSDK
  - lottie-ios
  - Pageboy
  - Promises
  - Reveal-SDK
  - SDWebImage
  - SnapKit
  - SwiftLint
  - SwiftyJSON

SPEC REPOS:
  trunk:
    - Alamofire
    - Firebase
    - FirebaseAnalytics
    - FirebaseAuth
    - FirebaseCore
    - FirebaseCoreDiagnostics
    - FirebaseInstallations
    - FirebaseMessaging
    - GoogleAppMeasurement
    - GoogleDataTransport
    - GoogleUtilities
    - GTMSessionFetcher
    - KakaoSDK
    - KakaoSDKAuth
    - KakaoSDKCommon
    - KakaoSDKLink
    - KakaoSDKNavi
    - KakaoSDKStory
    - KakaoSDKTalk
    - KakaoSDKTemplate
    - KakaoSDKUser
    - lottie-ios
    - nanopb
    - Pageboy
    - Promises
    - PromisesObjC
    - Reveal-SDK
    - SDWebImage
    - SnapKit
    - SwiftLint
    - SwiftyJSON

SPEC CHECKSUMS:
  Alamofire: e447a2774a40c996748296fa2c55112fdbbc42f9
  Firebase: e84d95f6d3a91f634abc384f0751c434cb3aecfa
  FirebaseAnalytics: 8f32ae54ad42754f503354782575c4ddfc1425c3
  FirebaseAuth: 223adeeb2262b417532e89bf06a960e3a0a1e9e4
  FirebaseCore: a753c231801f04f5ccd10cc92119ad1b12a61165
  FirebaseCoreDiagnostics: 3721920bde3a9a6d5aa093c1d25e9d3e47f694af
  FirebaseInstallations: 0ede6ffcd215b8f93c19d9b06c1c54e2d4107e98
  FirebaseMessaging: ce0a5ee974f7bfe83b6cc5acce88c2d969e37c41
  GoogleAppMeasurement: 2c0c6e2a7ab3fe730ade6379f732bdefb46f50b0
  GoogleDataTransport: 85fd18ff3019bb85d3f2c551d04c481dedf71fc9
  GoogleUtilities: 3df19e3c24f7bbc291d8b5809aa6b0d41e642437
  GTMSessionFetcher: 36689134877faeb055b27dfa4ccc9ceaa42e029e
  KakaoSDK: fa00ea44415f172721d7469388c04db8912330cd
  KakaoSDKAuth: 037e6260f4468cbc3bde89a802864d6b58c5271c
  KakaoSDKCommon: 38154188336a1118f1b757f0fec54ff989365ddc
  KakaoSDKLink: 8fe5ee4d3b12178e56ca911015ae028ef33cc8be
  KakaoSDKNavi: 0db736a5c07492593c8607f2a32048564db75dda
  KakaoSDKStory: ee7099dab1399f029b6b5d6d7c25db0a2b6f4b03
  KakaoSDKTalk: b129bb2dd2069e17d5463747d66f9d38f2067ca9
  KakaoSDKTemplate: 8218258409a8829c364029698c515665c6d0d886
  KakaoSDKUser: ff9d7436ccbf0d65615bc56f3f4e31fb06830db2
  lottie-ios: c058aeafa76daa4cf64d773554bccc8385d0150e
  nanopb: a0ba3315591a9ae0a16a309ee504766e90db0c96
  Pageboy: cf121b9dd48c63f3f281b2a9ec93d02e0f23879b
  Promises: fcb83dc6be43294a8d30c343636ed1a45a8d2e0a
  PromisesObjC: 68159ce6952d93e17b2dfe273b8c40907db5ba58
  Reveal-SDK: 62ae124d57732c4fe7e88635274ca24054dd2d29
  SDWebImage: a7f831e1a65eb5e285e3fb046a23fcfbf08e696d
  SnapKit: 97b92857e3df3a0c71833cce143274bf6ef8e5eb
  SwiftLint: 99f82d07b837b942dd563c668de129a03fc3fb52
  SwiftyJSON: 2f33a42c6fbc52764d96f13368585094bfd8aa5e

PODFILE CHECKSUM: f4db8615e2795ea00df531721f57c19f33a7ff6d

COCOAPODS: 1.10.2
