// !$*UTF8*$!
{
	archiveVersion = 1;
	classes = {
	};
	objectVersion = 51;
	objects = {

/* Begin PBXBuildFile section */
		124D665452088BB6A99DE581 /* Pods_MinningTests.framework in Frameworks */ = {isa = PBXBuildFile; fileRef = 33C9243593633CFA06F61563 /* Pods_MinningTests.framework */; };
		5805D0B62C8D0C15049A881E /* Pods_Minning.framework in Frameworks */ = {isa = PBXBuildFile; fileRef = CFDFD3BF712C8A5BCBC0E5AC /* Pods_Minning.framework */; };
		9BAB7BE0CF8C280AD5B155B4 /* Pods_Minning_MinningUITests.framework in Frameworks */ = {isa = PBXBuildFile; fileRef = 7377B4BF2A5062E206B5EC35 /* Pods_Minning_MinningUITests.framework */; };
		B014273126DCBA9800DE11E0 /* MainCoordinator.swift in Sources */ = {isa = PBXBuildFile; fileRef = B014273026DCBA9800DE11E0 /* MainCoordinator.swift */; };
		B0180ECD26DCC103008C6F3C /* AppConfiguration.swift in Sources */ = {isa = PBXBuildFile; fileRef = B0180ECC26DCC103008C6F3C /* AppConfiguration.swift */; };
		B0180ED026DCC2F1008C6F3C /* Key.plist in Resources */ = {isa = PBXBuildFile; fileRef = B0180ECF26DCC2F1008C6F3C /* Key.plist */; };
		B0180ED426DCC307008C6F3C /* AppConfiguration.swift in Sources */ = {isa = PBXBuildFile; fileRef = B0180ECC26DCC103008C6F3C /* AppConfiguration.swift */; };
		B0180ED626DCC307008C6F3C /* MainCoordinator.swift in Sources */ = {isa = PBXBuildFile; fileRef = B014273026DCBA9800DE11E0 /* MainCoordinator.swift */; };
		B0180ED726DCC307008C6F3C /* AppDelegate.swift in Sources */ = {isa = PBXBuildFile; fileRef = B0D16DF226DA57F200A8E52B /* AppDelegate.swift */; };
		B0180ED826DCC307008C6F3C /* OurApp.xcdatamodeld in Sources */ = {isa = PBXBuildFile; fileRef = B0D16DFB26DA57F200A8E52B /* OurApp.xcdatamodeld */; };
		B0180EDD26DCC307008C6F3C /* LaunchScreen.storyboard in Resources */ = {isa = PBXBuildFile; fileRef = B0D16E0026DA57F400A8E52B /* LaunchScreen.storyboard */; };
		B0180EDE26DCC307008C6F3C /* Assets.xcassets in Resources */ = {isa = PBXBuildFile; fileRef = B0D16DFE26DA57F400A8E52B /* Assets.xcassets */; };
		B0180EEA26DCC33C008C6F3C /* Key.plist in Resources */ = {isa = PBXBuildFile; fileRef = B0180EE926DCC33C008C6F3C /* Key.plist */; };
		B0180EEC26DCC52A008C6F3C /* AppCoordinator.swift in Sources */ = {isa = PBXBuildFile; fileRef = B0180EEB26DCC52A008C6F3C /* AppCoordinator.swift */; };
		B0180EED26DCC52A008C6F3C /* AppCoordinator.swift in Sources */ = {isa = PBXBuildFile; fileRef = B0180EEB26DCC52A008C6F3C /* AppCoordinator.swift */; };
		B0180EEF26DCC551008C6F3C /* AppDIContainer.swift in Sources */ = {isa = PBXBuildFile; fileRef = B0180EEE26DCC551008C6F3C /* AppDIContainer.swift */; };
		B0180EF026DCC551008C6F3C /* AppDIContainer.swift in Sources */ = {isa = PBXBuildFile; fileRef = B0180EEE26DCC551008C6F3C /* AppDIContainer.swift */; };
		B0180EFB26DCC604008C6F3C /* SplashViewController.swift in Sources */ = {isa = PBXBuildFile; fileRef = B0180EFA26DCC604008C6F3C /* SplashViewController.swift */; };
		B0180EFC26DCC604008C6F3C /* SplashViewController.swift in Sources */ = {isa = PBXBuildFile; fileRef = B0180EFA26DCC604008C6F3C /* SplashViewController.swift */; };
		B0180EFE26DCC60A008C6F3C /* SplashViewModel.swift in Sources */ = {isa = PBXBuildFile; fileRef = B0180EFD26DCC60A008C6F3C /* SplashViewModel.swift */; };
		B0180EFF26DCC60A008C6F3C /* SplashViewModel.swift in Sources */ = {isa = PBXBuildFile; fileRef = B0180EFD26DCC60A008C6F3C /* SplashViewModel.swift */; };
		B0180F0226DCC82C008C6F3C /* MainDIContainer.swift in Sources */ = {isa = PBXBuildFile; fileRef = B0180F0126DCC82C008C6F3C /* MainDIContainer.swift */; };
		B0180F0326DCC82C008C6F3C /* MainDIContainer.swift in Sources */ = {isa = PBXBuildFile; fileRef = B0180F0126DCC82C008C6F3C /* MainDIContainer.swift */; };
		B0180F3B26DCCB63008C6F3C /* DesignSystem.framework in Frameworks */ = {isa = PBXBuildFile; fileRef = B0180F3A26DCCB58008C6F3C /* DesignSystem.framework */; };
		B0180F3C26DCCB63008C6F3C /* DesignSystem.framework in Embed Frameworks */ = {isa = PBXBuildFile; fileRef = B0180F3A26DCCB58008C6F3C /* DesignSystem.framework */; settings = {ATTRIBUTES = (CodeSignOnCopy, RemoveHeadersOnCopy, ); }; };
		B0180F3E26DCCB6A008C6F3C /* DesignSystem.framework in Frameworks */ = {isa = PBXBuildFile; fileRef = B0180F3A26DCCB58008C6F3C /* DesignSystem.framework */; };
		B0180F3F26DCCB6A008C6F3C /* DesignSystem.framework in Embed Frameworks */ = {isa = PBXBuildFile; fileRef = B0180F3A26DCCB58008C6F3C /* DesignSystem.framework */; settings = {ATTRIBUTES = (CodeSignOnCopy, RemoveHeadersOnCopy, ); }; };
		B0180F5C26DCCBB1008C6F3C /* SharedAssets.framework in Frameworks */ = {isa = PBXBuildFile; fileRef = B0180F5B26DCCBA1008C6F3C /* SharedAssets.framework */; };
		B0180F5D26DCCBB1008C6F3C /* SharedAssets.framework in Embed Frameworks */ = {isa = PBXBuildFile; fileRef = B0180F5B26DCCBA1008C6F3C /* SharedAssets.framework */; settings = {ATTRIBUTES = (CodeSignOnCopy, RemoveHeadersOnCopy, ); }; };
		B0180F5E26DCCBB8008C6F3C /* SharedAssets.framework in Frameworks */ = {isa = PBXBuildFile; fileRef = B0180F5B26DCCBA1008C6F3C /* SharedAssets.framework */; };
		B0180F5F26DCCBB8008C6F3C /* SharedAssets.framework in Embed Frameworks */ = {isa = PBXBuildFile; fileRef = B0180F5B26DCCBA1008C6F3C /* SharedAssets.framework */; settings = {ATTRIBUTES = (CodeSignOnCopy, RemoveHeadersOnCopy, ); }; };
		B0180F7B26DCCC27008C6F3C /* CommonSystem.framework in Frameworks */ = {isa = PBXBuildFile; fileRef = B0180F7A26DCCC1F008C6F3C /* CommonSystem.framework */; };
		B0180F7C26DCCC27008C6F3C /* CommonSystem.framework in Embed Frameworks */ = {isa = PBXBuildFile; fileRef = B0180F7A26DCCC1F008C6F3C /* CommonSystem.framework */; settings = {ATTRIBUTES = (CodeSignOnCopy, RemoveHeadersOnCopy, ); }; };
		B0180F7D26DCCC2C008C6F3C /* CommonSystem.framework in Frameworks */ = {isa = PBXBuildFile; fileRef = B0180F7A26DCCC1F008C6F3C /* CommonSystem.framework */; };
		B0180F7E26DCCC2C008C6F3C /* CommonSystem.framework in Embed Frameworks */ = {isa = PBXBuildFile; fileRef = B0180F7A26DCCC1F008C6F3C /* CommonSystem.framework */; settings = {ATTRIBUTES = (CodeSignOnCopy, RemoveHeadersOnCopy, ); }; };
		B02803832706A784009D642A /* NicknameViewController.swift in Sources */ = {isa = PBXBuildFile; fileRef = B02803822706A784009D642A /* NicknameViewController.swift */; };
		B02803842706A784009D642A /* NicknameViewController.swift in Sources */ = {isa = PBXBuildFile; fileRef = B02803822706A784009D642A /* NicknameViewController.swift */; };
		B02803862706A7A8009D642A /* NicknameViewModel.swift in Sources */ = {isa = PBXBuildFile; fileRef = B02803852706A7A8009D642A /* NicknameViewModel.swift */; };
		B02803872706A7A8009D642A /* NicknameViewModel.swift in Sources */ = {isa = PBXBuildFile; fileRef = B02803852706A7A8009D642A /* NicknameViewModel.swift */; };
		B028038F2706D785009D642A /* HomeDIContainer.swift in Sources */ = {isa = PBXBuildFile; fileRef = B028038E2706D785009D642A /* HomeDIContainer.swift */; };
		B02803902706D785009D642A /* HomeDIContainer.swift in Sources */ = {isa = PBXBuildFile; fileRef = B028038E2706D785009D642A /* HomeDIContainer.swift */; };
		B02803952706D78D009D642A /* HomeCoordinator.swift in Sources */ = {isa = PBXBuildFile; fileRef = B02803942706D78D009D642A /* HomeCoordinator.swift */; };
		B02803962706D78D009D642A /* HomeCoordinator.swift in Sources */ = {isa = PBXBuildFile; fileRef = B02803942706D78D009D642A /* HomeCoordinator.swift */; };
		B02803992706D7E5009D642A /* PhraseViewController.swift in Sources */ = {isa = PBXBuildFile; fileRef = B02803982706D7E5009D642A /* PhraseViewController.swift */; };
		B028039A2706D7E5009D642A /* PhraseViewController.swift in Sources */ = {isa = PBXBuildFile; fileRef = B02803982706D7E5009D642A /* PhraseViewController.swift */; };
		B028039F2706D809009D642A /* PhraseViewModel.swift in Sources */ = {isa = PBXBuildFile; fileRef = B028039E2706D809009D642A /* PhraseViewModel.swift */; };
		B02803A02706D809009D642A /* PhraseViewModel.swift in Sources */ = {isa = PBXBuildFile; fileRef = B028039E2706D809009D642A /* PhraseViewModel.swift */; };
		B02803A22706DCB5009D642A /* ReportDIContainer.swift in Sources */ = {isa = PBXBuildFile; fileRef = B02803A12706DCB5009D642A /* ReportDIContainer.swift */; };
		B02803A32706DCB5009D642A /* ReportDIContainer.swift in Sources */ = {isa = PBXBuildFile; fileRef = B02803A12706DCB5009D642A /* ReportDIContainer.swift */; };
		B02803A52706DCBF009D642A /* ReportCoordinator.swift in Sources */ = {isa = PBXBuildFile; fileRef = B02803A42706DCBF009D642A /* ReportCoordinator.swift */; };
		B02803A62706DCBF009D642A /* ReportCoordinator.swift in Sources */ = {isa = PBXBuildFile; fileRef = B02803A42706DCBF009D642A /* ReportCoordinator.swift */; };
		B02803A82706DD6E009D642A /* GroupDIContainer.swift in Sources */ = {isa = PBXBuildFile; fileRef = B02803A72706DD6E009D642A /* GroupDIContainer.swift */; };
		B02803A92706DD6E009D642A /* GroupDIContainer.swift in Sources */ = {isa = PBXBuildFile; fileRef = B02803A72706DD6E009D642A /* GroupDIContainer.swift */; };
		B02803AB2706DD75009D642A /* GroupCoordinator.swift in Sources */ = {isa = PBXBuildFile; fileRef = B02803AA2706DD75009D642A /* GroupCoordinator.swift */; };
		B02803AC2706DD75009D642A /* GroupCoordinator.swift in Sources */ = {isa = PBXBuildFile; fileRef = B02803AA2706DD75009D642A /* GroupCoordinator.swift */; };
		B02803B82706F92C009D642A /* ProfileView.swift in Sources */ = {isa = PBXBuildFile; fileRef = B02803B72706F92C009D642A /* ProfileView.swift */; };
		B02803B92706F92C009D642A /* ProfileView.swift in Sources */ = {isa = PBXBuildFile; fileRef = B02803B72706F92C009D642A /* ProfileView.swift */; };
		B02803BB2706FF45009D642A /* WeeklyView.swift in Sources */ = {isa = PBXBuildFile; fileRef = B02803BA2706FF45009D642A /* WeeklyView.swift */; };
		B02803BC2706FF45009D642A /* WeeklyView.swift in Sources */ = {isa = PBXBuildFile; fileRef = B02803BA2706FF45009D642A /* WeeklyView.swift */; };
		B02803E127085131009D642A /* ReviewViewController.swift in Sources */ = {isa = PBXBuildFile; fileRef = B02803E027085131009D642A /* ReviewViewController.swift */; };
		B02803E227085131009D642A /* ReviewViewController.swift in Sources */ = {isa = PBXBuildFile; fileRef = B02803E027085131009D642A /* ReviewViewController.swift */; };
		B02803E427085139009D642A /* ReviewViewModel.swift in Sources */ = {isa = PBXBuildFile; fileRef = B02803E327085139009D642A /* ReviewViewModel.swift */; };
		B02803E527085139009D642A /* ReviewViewModel.swift in Sources */ = {isa = PBXBuildFile; fileRef = B02803E327085139009D642A /* ReviewViewModel.swift */; };
		B02803E727085141009D642A /* EditOrderViewController.swift in Sources */ = {isa = PBXBuildFile; fileRef = B02803E627085141009D642A /* EditOrderViewController.swift */; };
		B02803E827085141009D642A /* EditOrderViewController.swift in Sources */ = {isa = PBXBuildFile; fileRef = B02803E627085141009D642A /* EditOrderViewController.swift */; };
		B02803EA27085149009D642A /* EditOrderViewModel.swift in Sources */ = {isa = PBXBuildFile; fileRef = B02803E927085149009D642A /* EditOrderViewModel.swift */; };
		B02803EB27085149009D642A /* EditOrderViewModel.swift in Sources */ = {isa = PBXBuildFile; fileRef = B02803E927085149009D642A /* EditOrderViewModel.swift */; };
		B02803EE270851A7009D642A /* AddViewController.swift in Sources */ = {isa = PBXBuildFile; fileRef = B02803ED270851A7009D642A /* AddViewController.swift */; };
		B02803EF270851A7009D642A /* AddViewController.swift in Sources */ = {isa = PBXBuildFile; fileRef = B02803ED270851A7009D642A /* AddViewController.swift */; };
		B02803F1270851AD009D642A /* AddViewModel.swift in Sources */ = {isa = PBXBuildFile; fileRef = B02803F0270851AD009D642A /* AddViewModel.swift */; };
		B02803F2270851AD009D642A /* AddViewModel.swift in Sources */ = {isa = PBXBuildFile; fileRef = B02803F0270851AD009D642A /* AddViewModel.swift */; };
		B02803F527085447009D642A /* RecommendViewController.swift in Sources */ = {isa = PBXBuildFile; fileRef = B02803F427085447009D642A /* RecommendViewController.swift */; };
		B02803F627085447009D642A /* RecommendViewController.swift in Sources */ = {isa = PBXBuildFile; fileRef = B02803F427085447009D642A /* RecommendViewController.swift */; };
		B02803F82708544F009D642A /* RecommendViewModel.swift in Sources */ = {isa = PBXBuildFile; fileRef = B02803F72708544F009D642A /* RecommendViewModel.swift */; };
		B02803F92708544F009D642A /* RecommendViewModel.swift in Sources */ = {isa = PBXBuildFile; fileRef = B02803F72708544F009D642A /* RecommendViewModel.swift */; };
		B02803FC27085604009D642A /* NotificationViewController.swift in Sources */ = {isa = PBXBuildFile; fileRef = B02803FB27085604009D642A /* NotificationViewController.swift */; };
		B02803FD27085604009D642A /* NotificationViewController.swift in Sources */ = {isa = PBXBuildFile; fileRef = B02803FB27085604009D642A /* NotificationViewController.swift */; };
		B02803FF2708561C009D642A /* NotificationViewModel.swift in Sources */ = {isa = PBXBuildFile; fileRef = B02803FE2708561C009D642A /* NotificationViewModel.swift */; };
		B02804002708561C009D642A /* NotificationViewModel.swift in Sources */ = {isa = PBXBuildFile; fileRef = B02803FE2708561C009D642A /* NotificationViewModel.swift */; };
		B08E74762705BAE200854190 /* LoginViewController.swift in Sources */ = {isa = PBXBuildFile; fileRef = B08E74752705BAE200854190 /* LoginViewController.swift */; };
		B08E74772705BAE200854190 /* LoginViewController.swift in Sources */ = {isa = PBXBuildFile; fileRef = B08E74752705BAE200854190 /* LoginViewController.swift */; };
		B08E74792705BBA300854190 /* AuthCoordinator.swift in Sources */ = {isa = PBXBuildFile; fileRef = B08E74782705BBA300854190 /* AuthCoordinator.swift */; };
		B08E747A2705BBA300854190 /* AuthCoordinator.swift in Sources */ = {isa = PBXBuildFile; fileRef = B08E74782705BBA300854190 /* AuthCoordinator.swift */; };
		B08E747C2705BBAA00854190 /* AuthDIContainer.swift in Sources */ = {isa = PBXBuildFile; fileRef = B08E747B2705BBAA00854190 /* AuthDIContainer.swift */; };
		B08E747D2705BBAA00854190 /* AuthDIContainer.swift in Sources */ = {isa = PBXBuildFile; fileRef = B08E747B2705BBAA00854190 /* AuthDIContainer.swift */; };
		B08E74802705BC9D00854190 /* LoginViewModel.swift in Sources */ = {isa = PBXBuildFile; fileRef = B08E747F2705BC9D00854190 /* LoginViewModel.swift */; };
		B08E74812705BC9D00854190 /* LoginViewModel.swift in Sources */ = {isa = PBXBuildFile; fileRef = B08E747F2705BC9D00854190 /* LoginViewModel.swift */; };
		B08E74A32705C83900854190 /* PasswordViewController.swift in Sources */ = {isa = PBXBuildFile; fileRef = B08E74A22705C83900854190 /* PasswordViewController.swift */; };
		B08E74A42705C83900854190 /* PasswordViewController.swift in Sources */ = {isa = PBXBuildFile; fileRef = B08E74A22705C83900854190 /* PasswordViewController.swift */; };
		B08E74A72705C84700854190 /* PasswordViewModel.swift in Sources */ = {isa = PBXBuildFile; fileRef = B08E74A62705C84700854190 /* PasswordViewModel.swift */; };
		B08E74A82705C84700854190 /* PasswordViewModel.swift in Sources */ = {isa = PBXBuildFile; fileRef = B08E74A62705C84700854190 /* PasswordViewModel.swift */; };
		B0AD5A5B2705D66400CC07B0 /* BaseViewController.swift in Sources */ = {isa = PBXBuildFile; fileRef = B0AD5A5A2705D66400CC07B0 /* BaseViewController.swift */; };
		B0AD5A5C2705D66400CC07B0 /* BaseViewController.swift in Sources */ = {isa = PBXBuildFile; fileRef = B0AD5A5A2705D66400CC07B0 /* BaseViewController.swift */; };
		B0AD5A652705D6C300CC07B0 /* MainTabBarViewController.swift in Sources */ = {isa = PBXBuildFile; fileRef = B0AD5A642705D6C300CC07B0 /* MainTabBarViewController.swift */; };
		B0AD5A662705D6C300CC07B0 /* MainTabBarViewController.swift in Sources */ = {isa = PBXBuildFile; fileRef = B0AD5A642705D6C300CC07B0 /* MainTabBarViewController.swift */; };
		B0AD5A692705D74000CC07B0 /* HomeViewController.swift in Sources */ = {isa = PBXBuildFile; fileRef = B0AD5A682705D74000CC07B0 /* HomeViewController.swift */; };
		B0AD5A6A2705D74000CC07B0 /* HomeViewController.swift in Sources */ = {isa = PBXBuildFile; fileRef = B0AD5A682705D74000CC07B0 /* HomeViewController.swift */; };
		B0AD5A6E2705D78100CC07B0 /* ReportViewController.swift in Sources */ = {isa = PBXBuildFile; fileRef = B0AD5A6D2705D78100CC07B0 /* ReportViewController.swift */; };
		B0AD5A6F2705D78100CC07B0 /* ReportViewController.swift in Sources */ = {isa = PBXBuildFile; fileRef = B0AD5A6D2705D78100CC07B0 /* ReportViewController.swift */; };
		B0AD5A712705D79300CC07B0 /* GroupViewController.swift in Sources */ = {isa = PBXBuildFile; fileRef = B0AD5A702705D79300CC07B0 /* GroupViewController.swift */; };
		B0AD5A722705D79300CC07B0 /* GroupViewController.swift in Sources */ = {isa = PBXBuildFile; fileRef = B0AD5A702705D79300CC07B0 /* GroupViewController.swift */; };
		B0AD5A742705DBCC00CC07B0 /* HomeViewModel.swift in Sources */ = {isa = PBXBuildFile; fileRef = B0AD5A732705DBCC00CC07B0 /* HomeViewModel.swift */; };
		B0AD5A752705DBCC00CC07B0 /* HomeViewModel.swift in Sources */ = {isa = PBXBuildFile; fileRef = B0AD5A732705DBCC00CC07B0 /* HomeViewModel.swift */; };
		B0AD5A772705DBEE00CC07B0 /* ReportViewModel.swift in Sources */ = {isa = PBXBuildFile; fileRef = B0AD5A762705DBEE00CC07B0 /* ReportViewModel.swift */; };
		B0AD5A782705DBEE00CC07B0 /* ReportViewModel.swift in Sources */ = {isa = PBXBuildFile; fileRef = B0AD5A762705DBEE00CC07B0 /* ReportViewModel.swift */; };
		B0AD5A7A2705DBFA00CC07B0 /* GroupViewModel.swift in Sources */ = {isa = PBXBuildFile; fileRef = B0AD5A792705DBFA00CC07B0 /* GroupViewModel.swift */; };
		B0AD5A7B2705DBFA00CC07B0 /* GroupViewModel.swift in Sources */ = {isa = PBXBuildFile; fileRef = B0AD5A792705DBFA00CC07B0 /* GroupViewModel.swift */; };
		B0D16DF326DA57F200A8E52B /* AppDelegate.swift in Sources */ = {isa = PBXBuildFile; fileRef = B0D16DF226DA57F200A8E52B /* AppDelegate.swift */; };
		B0D16DFD26DA57F200A8E52B /* OurApp.xcdatamodeld in Sources */ = {isa = PBXBuildFile; fileRef = B0D16DFB26DA57F200A8E52B /* OurApp.xcdatamodeld */; };
		B0D16DFF26DA57F400A8E52B /* Assets.xcassets in Resources */ = {isa = PBXBuildFile; fileRef = B0D16DFE26DA57F400A8E52B /* Assets.xcassets */; };
		B0D16E0226DA57F400A8E52B /* LaunchScreen.storyboard in Resources */ = {isa = PBXBuildFile; fileRef = B0D16E0026DA57F400A8E52B /* LaunchScreen.storyboard */; };
		B0D16E0D26DA57F400A8E52B /* OurAppTests.swift in Sources */ = {isa = PBXBuildFile; fileRef = B0D16E0C26DA57F400A8E52B /* OurAppTests.swift */; };
		B0D16E1826DA57F400A8E52B /* OurAppUITests.swift in Sources */ = {isa = PBXBuildFile; fileRef = B0D16E1726DA57F400A8E52B /* OurAppUITests.swift */; };
/* End PBXBuildFile section */

/* Begin PBXContainerItemProxy section */
		B0180F3926DCCB58008C6F3C /* PBXContainerItemProxy */ = {
			isa = PBXContainerItemProxy;
			containerPortal = B0180F3526DCCB58008C6F3C /* DesignSystem.xcodeproj */;
			proxyType = 2;
			remoteGlobalIDString = B0180F2A26DCCB57008C6F3C;
			remoteInfo = DesignSystem;
		};
		B0180F5A26DCCBA1008C6F3C /* PBXContainerItemProxy */ = {
			isa = PBXContainerItemProxy;
			containerPortal = B0180F5626DCCBA0008C6F3C /* SharedAssets.xcodeproj */;
			proxyType = 2;
			remoteGlobalIDString = B0180F4B26DCCBA0008C6F3C;
			remoteInfo = SharedAssets;
		};
		B0180F7926DCCC1F008C6F3C /* PBXContainerItemProxy */ = {
			isa = PBXContainerItemProxy;
			containerPortal = B0180F7526DCCC1E008C6F3C /* CommonSystem.xcodeproj */;
			proxyType = 2;
			remoteGlobalIDString = B0180F6A26DCCC1E008C6F3C;
			remoteInfo = CommonSystem;
		};
		B0D16E0926DA57F400A8E52B /* PBXContainerItemProxy */ = {
			isa = PBXContainerItemProxy;
			containerPortal = B0D16DE726DA57F200A8E52B /* Project object */;
			proxyType = 1;
			remoteGlobalIDString = B0D16DEE26DA57F200A8E52B;
			remoteInfo = OurApp;
		};
		B0D16E1426DA57F400A8E52B /* PBXContainerItemProxy */ = {
			isa = PBXContainerItemProxy;
			containerPortal = B0D16DE726DA57F200A8E52B /* Project object */;
			proxyType = 1;
			remoteGlobalIDString = B0D16DEE26DA57F200A8E52B;
			remoteInfo = OurApp;
		};
/* End PBXContainerItemProxy section */

/* Begin PBXCopyFilesBuildPhase section */
		B0180F3D26DCCB63008C6F3C /* Embed Frameworks */ = {
			isa = PBXCopyFilesBuildPhase;
			buildActionMask = 2147483647;
			dstPath = "";
			dstSubfolderSpec = 10;
			files = (
				B0180F5F26DCCBB8008C6F3C /* SharedAssets.framework in Embed Frameworks */,
				B0180F7E26DCCC2C008C6F3C /* CommonSystem.framework in Embed Frameworks */,
				B0180F3C26DCCB63008C6F3C /* DesignSystem.framework in Embed Frameworks */,
			);
			name = "Embed Frameworks";
			runOnlyForDeploymentPostprocessing = 0;
		};
		B0180F4026DCCB6A008C6F3C /* Embed Frameworks */ = {
			isa = PBXCopyFilesBuildPhase;
			buildActionMask = 2147483647;
			dstPath = "";
			dstSubfolderSpec = 10;
			files = (
				B0180F5D26DCCBB1008C6F3C /* SharedAssets.framework in Embed Frameworks */,
				B0180F7C26DCCC27008C6F3C /* CommonSystem.framework in Embed Frameworks */,
				B0180F3F26DCCB6A008C6F3C /* DesignSystem.framework in Embed Frameworks */,
			);
			name = "Embed Frameworks";
			runOnlyForDeploymentPostprocessing = 0;
		};
/* End PBXCopyFilesBuildPhase section */

/* Begin PBXFileReference section */
		01C232A1CFF7962E3B2049E8 /* Pods-OurApp-OurAppUITests.release.xcconfig */ = {isa = PBXFileReference; includeInIndex = 1; lastKnownFileType = text.xcconfig; name = "Pods-OurApp-OurAppUITests.release.xcconfig"; path = "Target Support Files/Pods-OurApp-OurAppUITests/Pods-OurApp-OurAppUITests.release.xcconfig"; sourceTree = "<group>"; };
		1086A38174DAC0BAF19798DF /* Pods-OurApp.debug.xcconfig */ = {isa = PBXFileReference; includeInIndex = 1; lastKnownFileType = text.xcconfig; name = "Pods-OurApp.debug.xcconfig"; path = "Target Support Files/Pods-OurApp/Pods-OurApp.debug.xcconfig"; sourceTree = "<group>"; };
		1F1AC13C3211B98FAF123E2C /* Pods-OurAppTests.release.xcconfig */ = {isa = PBXFileReference; includeInIndex = 1; lastKnownFileType = text.xcconfig; name = "Pods-OurAppTests.release.xcconfig"; path = "Target Support Files/Pods-OurAppTests/Pods-OurAppTests.release.xcconfig"; sourceTree = "<group>"; };
		334BC8D8050DAFE1ADA438A1 /* Pods-Minning.debug.xcconfig */ = {isa = PBXFileReference; includeInIndex = 1; lastKnownFileType = text.xcconfig; name = "Pods-Minning.debug.xcconfig"; path = "Target Support Files/Pods-Minning/Pods-Minning.debug.xcconfig"; sourceTree = "<group>"; };
		33C9243593633CFA06F61563 /* Pods_MinningTests.framework */ = {isa = PBXFileReference; explicitFileType = wrapper.framework; includeInIndex = 0; path = Pods_MinningTests.framework; sourceTree = BUILT_PRODUCTS_DIR; };
		5446A7406739313C55583867 /* Pods-MinningTests.release.xcconfig */ = {isa = PBXFileReference; includeInIndex = 1; lastKnownFileType = text.xcconfig; name = "Pods-MinningTests.release.xcconfig"; path = "Target Support Files/Pods-MinningTests/Pods-MinningTests.release.xcconfig"; sourceTree = "<group>"; };
		691B4B28941CA43A46A62C49 /* Pods-OurApp.release.xcconfig */ = {isa = PBXFileReference; includeInIndex = 1; lastKnownFileType = text.xcconfig; name = "Pods-OurApp.release.xcconfig"; path = "Target Support Files/Pods-OurApp/Pods-OurApp.release.xcconfig"; sourceTree = "<group>"; };
		7377B4BF2A5062E206B5EC35 /* Pods_Minning_MinningUITests.framework */ = {isa = PBXFileReference; explicitFileType = wrapper.framework; includeInIndex = 0; path = Pods_Minning_MinningUITests.framework; sourceTree = BUILT_PRODUCTS_DIR; };
		8279E2A4435B85DB33E3B478 /* Pods-OurAppTests.debug.xcconfig */ = {isa = PBXFileReference; includeInIndex = 1; lastKnownFileType = text.xcconfig; name = "Pods-OurAppTests.debug.xcconfig"; path = "Target Support Files/Pods-OurAppTests/Pods-OurAppTests.debug.xcconfig"; sourceTree = "<group>"; };
		975B90C40CC40E15C50781FD /* Pods-MinningTests.debug.xcconfig */ = {isa = PBXFileReference; includeInIndex = 1; lastKnownFileType = text.xcconfig; name = "Pods-MinningTests.debug.xcconfig"; path = "Target Support Files/Pods-MinningTests/Pods-MinningTests.debug.xcconfig"; sourceTree = "<group>"; };
		9A047CF140C0431A3FAD1B16 /* Pods-Minning-MinningUITests.debug.xcconfig */ = {isa = PBXFileReference; includeInIndex = 1; lastKnownFileType = text.xcconfig; name = "Pods-Minning-MinningUITests.debug.xcconfig"; path = "Target Support Files/Pods-Minning-MinningUITests/Pods-Minning-MinningUITests.debug.xcconfig"; sourceTree = "<group>"; };
		B014273026DCBA9800DE11E0 /* MainCoordinator.swift */ = {isa = PBXFileReference; lastKnownFileType = sourcecode.swift; path = MainCoordinator.swift; sourceTree = "<group>"; };
		B0180ECC26DCC103008C6F3C /* AppConfiguration.swift */ = {isa = PBXFileReference; lastKnownFileType = sourcecode.swift; path = AppConfiguration.swift; sourceTree = "<group>"; };
		B0180ECF26DCC2F1008C6F3C /* Key.plist */ = {isa = PBXFileReference; lastKnownFileType = text.plist.xml; path = Key.plist; sourceTree = "<group>"; };
		B0180EE526DCC307008C6F3C /* Minning-Dev.app */ = {isa = PBXFileReference; explicitFileType = wrapper.application; includeInIndex = 0; path = "Minning-Dev.app"; sourceTree = BUILT_PRODUCTS_DIR; };
		B0180EE926DCC33C008C6F3C /* Key.plist */ = {isa = PBXFileReference; lastKnownFileType = text.plist.xml; path = Key.plist; sourceTree = "<group>"; };
		B0180EEB26DCC52A008C6F3C /* AppCoordinator.swift */ = {isa = PBXFileReference; lastKnownFileType = sourcecode.swift; path = AppCoordinator.swift; sourceTree = "<group>"; };
		B0180EEE26DCC551008C6F3C /* AppDIContainer.swift */ = {isa = PBXFileReference; lastKnownFileType = sourcecode.swift; path = AppDIContainer.swift; sourceTree = "<group>"; };
		B0180EFA26DCC604008C6F3C /* SplashViewController.swift */ = {isa = PBXFileReference; lastKnownFileType = sourcecode.swift; path = SplashViewController.swift; sourceTree = "<group>"; };
		B0180EFD26DCC60A008C6F3C /* SplashViewModel.swift */ = {isa = PBXFileReference; lastKnownFileType = sourcecode.swift; path = SplashViewModel.swift; sourceTree = "<group>"; };
		B0180F0126DCC82C008C6F3C /* MainDIContainer.swift */ = {isa = PBXFileReference; lastKnownFileType = sourcecode.swift; path = MainDIContainer.swift; sourceTree = "<group>"; };
		B0180F3526DCCB58008C6F3C /* DesignSystem.xcodeproj */ = {isa = PBXFileReference; lastKnownFileType = "wrapper.pb-project"; name = DesignSystem.xcodeproj; path = DesignSystem/DesignSystem.xcodeproj; sourceTree = "<group>"; };
		B0180F5626DCCBA0008C6F3C /* SharedAssets.xcodeproj */ = {isa = PBXFileReference; lastKnownFileType = "wrapper.pb-project"; name = SharedAssets.xcodeproj; path = SharedAssets/SharedAssets.xcodeproj; sourceTree = "<group>"; };
		B0180F7526DCCC1E008C6F3C /* CommonSystem.xcodeproj */ = {isa = PBXFileReference; lastKnownFileType = "wrapper.pb-project"; name = CommonSystem.xcodeproj; path = CommonSystem/CommonSystem.xcodeproj; sourceTree = "<group>"; };
		B0180FB026DCD010008C6F3C /* ko */ = {isa = PBXFileReference; lastKnownFileType = text.plist.strings; name = ko; path = ko.lproj/LaunchScreen.strings; sourceTree = "<group>"; };
		B02803822706A784009D642A /* NicknameViewController.swift */ = {isa = PBXFileReference; lastKnownFileType = sourcecode.swift; path = NicknameViewController.swift; sourceTree = "<group>"; };
		B02803852706A7A8009D642A /* NicknameViewModel.swift */ = {isa = PBXFileReference; lastKnownFileType = sourcecode.swift; path = NicknameViewModel.swift; sourceTree = "<group>"; };
		B028038E2706D785009D642A /* HomeDIContainer.swift */ = {isa = PBXFileReference; lastKnownFileType = sourcecode.swift; path = HomeDIContainer.swift; sourceTree = "<group>"; };
		B02803942706D78D009D642A /* HomeCoordinator.swift */ = {isa = PBXFileReference; lastKnownFileType = sourcecode.swift; path = HomeCoordinator.swift; sourceTree = "<group>"; };
		B02803982706D7E5009D642A /* PhraseViewController.swift */ = {isa = PBXFileReference; lastKnownFileType = sourcecode.swift; path = PhraseViewController.swift; sourceTree = "<group>"; };
		B028039E2706D809009D642A /* PhraseViewModel.swift */ = {isa = PBXFileReference; lastKnownFileType = sourcecode.swift; path = PhraseViewModel.swift; sourceTree = "<group>"; };
		B02803A12706DCB5009D642A /* ReportDIContainer.swift */ = {isa = PBXFileReference; lastKnownFileType = sourcecode.swift; path = ReportDIContainer.swift; sourceTree = "<group>"; };
		B02803A42706DCBF009D642A /* ReportCoordinator.swift */ = {isa = PBXFileReference; lastKnownFileType = sourcecode.swift; path = ReportCoordinator.swift; sourceTree = "<group>"; };
		B02803A72706DD6E009D642A /* GroupDIContainer.swift */ = {isa = PBXFileReference; lastKnownFileType = sourcecode.swift; path = GroupDIContainer.swift; sourceTree = "<group>"; };
		B02803AA2706DD75009D642A /* GroupCoordinator.swift */ = {isa = PBXFileReference; lastKnownFileType = sourcecode.swift; path = GroupCoordinator.swift; sourceTree = "<group>"; };
		B02803B72706F92C009D642A /* ProfileView.swift */ = {isa = PBXFileReference; lastKnownFileType = sourcecode.swift; path = ProfileView.swift; sourceTree = "<group>"; };
		B02803BA2706FF45009D642A /* WeeklyView.swift */ = {isa = PBXFileReference; lastKnownFileType = sourcecode.swift; path = WeeklyView.swift; sourceTree = "<group>"; };
		B02803E027085131009D642A /* ReviewViewController.swift */ = {isa = PBXFileReference; lastKnownFileType = sourcecode.swift; path = ReviewViewController.swift; sourceTree = "<group>"; };
		B02803E327085139009D642A /* ReviewViewModel.swift */ = {isa = PBXFileReference; lastKnownFileType = sourcecode.swift; path = ReviewViewModel.swift; sourceTree = "<group>"; };
		B02803E627085141009D642A /* EditOrderViewController.swift */ = {isa = PBXFileReference; lastKnownFileType = sourcecode.swift; path = EditOrderViewController.swift; sourceTree = "<group>"; };
		B02803E927085149009D642A /* EditOrderViewModel.swift */ = {isa = PBXFileReference; lastKnownFileType = sourcecode.swift; path = EditOrderViewModel.swift; sourceTree = "<group>"; };
		B02803ED270851A7009D642A /* AddViewController.swift */ = {isa = PBXFileReference; lastKnownFileType = sourcecode.swift; path = AddViewController.swift; sourceTree = "<group>"; };
		B02803F0270851AD009D642A /* AddViewModel.swift */ = {isa = PBXFileReference; lastKnownFileType = sourcecode.swift; path = AddViewModel.swift; sourceTree = "<group>"; };
		B02803F427085447009D642A /* RecommendViewController.swift */ = {isa = PBXFileReference; lastKnownFileType = sourcecode.swift; path = RecommendViewController.swift; sourceTree = "<group>"; };
		B02803F72708544F009D642A /* RecommendViewModel.swift */ = {isa = PBXFileReference; lastKnownFileType = sourcecode.swift; path = RecommendViewModel.swift; sourceTree = "<group>"; };
		B02803FB27085604009D642A /* NotificationViewController.swift */ = {isa = PBXFileReference; lastKnownFileType = sourcecode.swift; path = NotificationViewController.swift; sourceTree = "<group>"; };
		B02803FE2708561C009D642A /* NotificationViewModel.swift */ = {isa = PBXFileReference; lastKnownFileType = sourcecode.swift; path = NotificationViewModel.swift; sourceTree = "<group>"; };
		B08E74752705BAE200854190 /* LoginViewController.swift */ = {isa = PBXFileReference; lastKnownFileType = sourcecode.swift; path = LoginViewController.swift; sourceTree = "<group>"; };
		B08E74782705BBA300854190 /* AuthCoordinator.swift */ = {isa = PBXFileReference; lastKnownFileType = sourcecode.swift; path = AuthCoordinator.swift; sourceTree = "<group>"; };
		B08E747B2705BBAA00854190 /* AuthDIContainer.swift */ = {isa = PBXFileReference; lastKnownFileType = sourcecode.swift; path = AuthDIContainer.swift; sourceTree = "<group>"; };
		B08E747F2705BC9D00854190 /* LoginViewModel.swift */ = {isa = PBXFileReference; lastKnownFileType = sourcecode.swift; path = LoginViewModel.swift; sourceTree = "<group>"; };
		B08E74A22705C83900854190 /* PasswordViewController.swift */ = {isa = PBXFileReference; lastKnownFileType = sourcecode.swift; path = PasswordViewController.swift; sourceTree = "<group>"; };
		B08E74A62705C84700854190 /* PasswordViewModel.swift */ = {isa = PBXFileReference; lastKnownFileType = sourcecode.swift; path = PasswordViewModel.swift; sourceTree = "<group>"; };
		B0AD5A5A2705D66400CC07B0 /* BaseViewController.swift */ = {isa = PBXFileReference; lastKnownFileType = sourcecode.swift; path = BaseViewController.swift; sourceTree = "<group>"; };
		B0AD5A642705D6C300CC07B0 /* MainTabBarViewController.swift */ = {isa = PBXFileReference; lastKnownFileType = sourcecode.swift; path = MainTabBarViewController.swift; sourceTree = "<group>"; };
		B0AD5A682705D74000CC07B0 /* HomeViewController.swift */ = {isa = PBXFileReference; lastKnownFileType = sourcecode.swift; path = HomeViewController.swift; sourceTree = "<group>"; };
		B0AD5A6D2705D78100CC07B0 /* ReportViewController.swift */ = {isa = PBXFileReference; lastKnownFileType = sourcecode.swift; path = ReportViewController.swift; sourceTree = "<group>"; };
		B0AD5A702705D79300CC07B0 /* GroupViewController.swift */ = {isa = PBXFileReference; lastKnownFileType = sourcecode.swift; path = GroupViewController.swift; sourceTree = "<group>"; };
		B0AD5A732705DBCC00CC07B0 /* HomeViewModel.swift */ = {isa = PBXFileReference; lastKnownFileType = sourcecode.swift; path = HomeViewModel.swift; sourceTree = "<group>"; };
		B0AD5A762705DBEE00CC07B0 /* ReportViewModel.swift */ = {isa = PBXFileReference; lastKnownFileType = sourcecode.swift; path = ReportViewModel.swift; sourceTree = "<group>"; };
		B0AD5A792705DBFA00CC07B0 /* GroupViewModel.swift */ = {isa = PBXFileReference; lastKnownFileType = sourcecode.swift; path = GroupViewModel.swift; sourceTree = "<group>"; };
		B0D16DEF26DA57F200A8E52B /* Minning.app */ = {isa = PBXFileReference; explicitFileType = wrapper.application; includeInIndex = 0; path = Minning.app; sourceTree = BUILT_PRODUCTS_DIR; };
		B0D16DF226DA57F200A8E52B /* AppDelegate.swift */ = {isa = PBXFileReference; lastKnownFileType = sourcecode.swift; path = AppDelegate.swift; sourceTree = "<group>"; };
		B0D16DFC26DA57F200A8E52B /* OurApp.xcdatamodel */ = {isa = PBXFileReference; lastKnownFileType = wrapper.xcdatamodel; path = OurApp.xcdatamodel; sourceTree = "<group>"; };
		B0D16DFE26DA57F400A8E52B /* Assets.xcassets */ = {isa = PBXFileReference; lastKnownFileType = folder.assetcatalog; path = Assets.xcassets; sourceTree = "<group>"; };
		B0D16E0126DA57F400A8E52B /* Base */ = {isa = PBXFileReference; lastKnownFileType = file.storyboard; name = Base; path = Base.lproj/LaunchScreen.storyboard; sourceTree = "<group>"; };
		B0D16E0326DA57F400A8E52B /* Info.plist */ = {isa = PBXFileReference; lastKnownFileType = text.plist.xml; path = Info.plist; sourceTree = "<group>"; };
		B0D16E0826DA57F400A8E52B /* MinningTests.xctest */ = {isa = PBXFileReference; explicitFileType = wrapper.cfbundle; includeInIndex = 0; path = MinningTests.xctest; sourceTree = BUILT_PRODUCTS_DIR; };
		B0D16E0C26DA57F400A8E52B /* OurAppTests.swift */ = {isa = PBXFileReference; lastKnownFileType = sourcecode.swift; path = OurAppTests.swift; sourceTree = "<group>"; };
		B0D16E0E26DA57F400A8E52B /* Info.plist */ = {isa = PBXFileReference; lastKnownFileType = text.plist.xml; path = Info.plist; sourceTree = "<group>"; };
		B0D16E1326DA57F400A8E52B /* MinningUITests.xctest */ = {isa = PBXFileReference; explicitFileType = wrapper.cfbundle; includeInIndex = 0; path = MinningUITests.xctest; sourceTree = BUILT_PRODUCTS_DIR; };
		B0D16E1726DA57F400A8E52B /* OurAppUITests.swift */ = {isa = PBXFileReference; lastKnownFileType = sourcecode.swift; path = OurAppUITests.swift; sourceTree = "<group>"; };
		B0D16E1926DA57F400A8E52B /* Info.plist */ = {isa = PBXFileReference; lastKnownFileType = text.plist.xml; path = Info.plist; sourceTree = "<group>"; };
		B6A5A7CC6938E672B3DF7DA0 /* Pods-Minning.release.xcconfig */ = {isa = PBXFileReference; includeInIndex = 1; lastKnownFileType = text.xcconfig; name = "Pods-Minning.release.xcconfig"; path = "Target Support Files/Pods-Minning/Pods-Minning.release.xcconfig"; sourceTree = "<group>"; };
		C96E0F345A504DC74CA4CCDE /* Pods-OurApp-OurAppUITests.debug.xcconfig */ = {isa = PBXFileReference; includeInIndex = 1; lastKnownFileType = text.xcconfig; name = "Pods-OurApp-OurAppUITests.debug.xcconfig"; path = "Target Support Files/Pods-OurApp-OurAppUITests/Pods-OurApp-OurAppUITests.debug.xcconfig"; sourceTree = "<group>"; };
		CFDFD3BF712C8A5BCBC0E5AC /* Pods_Minning.framework */ = {isa = PBXFileReference; explicitFileType = wrapper.framework; includeInIndex = 0; path = Pods_Minning.framework; sourceTree = BUILT_PRODUCTS_DIR; };
		D675A623130A66076EAD741B /* Pods-Minning-MinningUITests.release.xcconfig */ = {isa = PBXFileReference; includeInIndex = 1; lastKnownFileType = text.xcconfig; name = "Pods-Minning-MinningUITests.release.xcconfig"; path = "Target Support Files/Pods-Minning-MinningUITests/Pods-Minning-MinningUITests.release.xcconfig"; sourceTree = "<group>"; };
/* End PBXFileReference section */

/* Begin PBXFrameworksBuildPhase section */
		B0180EDA26DCC307008C6F3C /* Frameworks */ = {
			isa = PBXFrameworksBuildPhase;
			buildActionMask = 2147483647;
			files = (
				B0180F7D26DCCC2C008C6F3C /* CommonSystem.framework in Frameworks */,
				B0180F3B26DCCB63008C6F3C /* DesignSystem.framework in Frameworks */,
				B0180F5E26DCCBB8008C6F3C /* SharedAssets.framework in Frameworks */,
			);
			runOnlyForDeploymentPostprocessing = 0;
		};
		B0D16DEC26DA57F200A8E52B /* Frameworks */ = {
			isa = PBXFrameworksBuildPhase;
			buildActionMask = 2147483647;
			files = (
				B0180F7B26DCCC27008C6F3C /* CommonSystem.framework in Frameworks */,
				B0180F3E26DCCB6A008C6F3C /* DesignSystem.framework in Frameworks */,
				B0180F5C26DCCBB1008C6F3C /* SharedAssets.framework in Frameworks */,
				5805D0B62C8D0C15049A881E /* Pods_Minning.framework in Frameworks */,
			);
			runOnlyForDeploymentPostprocessing = 0;
		};
		B0D16E0526DA57F400A8E52B /* Frameworks */ = {
			isa = PBXFrameworksBuildPhase;
			buildActionMask = 2147483647;
			files = (
				124D665452088BB6A99DE581 /* Pods_MinningTests.framework in Frameworks */,
			);
			runOnlyForDeploymentPostprocessing = 0;
		};
		B0D16E1026DA57F400A8E52B /* Frameworks */ = {
			isa = PBXFrameworksBuildPhase;
			buildActionMask = 2147483647;
			files = (
				9BAB7BE0CF8C280AD5B155B4 /* Pods_Minning_MinningUITests.framework in Frameworks */,
			);
			runOnlyForDeploymentPostprocessing = 0;
		};
/* End PBXFrameworksBuildPhase section */

/* Begin PBXGroup section */
		2013D0812D62F2A095D2E0E1 /* Frameworks */ = {
			isa = PBXGroup;
			children = (
				CFDFD3BF712C8A5BCBC0E5AC /* Pods_Minning.framework */,
				7377B4BF2A5062E206B5EC35 /* Pods_Minning_MinningUITests.framework */,
				33C9243593633CFA06F61563 /* Pods_MinningTests.framework */,
			);
			name = Frameworks;
			sourceTree = "<group>";
		};
		A8CEA31FF1A9DB2BC92C9FE2 /* Pods */ = {
			isa = PBXGroup;
			children = (
				C96E0F345A504DC74CA4CCDE /* Pods-OurApp-OurAppUITests.debug.xcconfig */,
				01C232A1CFF7962E3B2049E8 /* Pods-OurApp-OurAppUITests.release.xcconfig */,
				8279E2A4435B85DB33E3B478 /* Pods-OurAppTests.debug.xcconfig */,
				1F1AC13C3211B98FAF123E2C /* Pods-OurAppTests.release.xcconfig */,
				1086A38174DAC0BAF19798DF /* Pods-OurApp.debug.xcconfig */,
				691B4B28941CA43A46A62C49 /* Pods-OurApp.release.xcconfig */,
				334BC8D8050DAFE1ADA438A1 /* Pods-Minning.debug.xcconfig */,
				B6A5A7CC6938E672B3DF7DA0 /* Pods-Minning.release.xcconfig */,
				9A047CF140C0431A3FAD1B16 /* Pods-Minning-MinningUITests.debug.xcconfig */,
				D675A623130A66076EAD741B /* Pods-Minning-MinningUITests.release.xcconfig */,
				975B90C40CC40E15C50781FD /* Pods-MinningTests.debug.xcconfig */,
				5446A7406739313C55583867 /* Pods-MinningTests.release.xcconfig */,
			);
			path = Pods;
			sourceTree = "<group>";
		};
		B0180ECB26DCC0FA008C6F3C /* Application */ = {
			isa = PBXGroup;
			children = (
				B0180ECC26DCC103008C6F3C /* AppConfiguration.swift */,
				B0180EEB26DCC52A008C6F3C /* AppCoordinator.swift */,
				B0180EEE26DCC551008C6F3C /* AppDIContainer.swift */,
				B0AD5A5A2705D66400CC07B0 /* BaseViewController.swift */,
			);
			path = Application;
			sourceTree = "<group>";
		};
		B0180ECE26DCC2D7008C6F3C /* Config */ = {
			isa = PBXGroup;
			children = (
				B0180EE826DCC325008C6F3C /* Dev */,
				B0180EE726DCC31F008C6F3C /* Production */,
			);
			path = Config;
			sourceTree = "<group>";
		};
		B0180EE726DCC31F008C6F3C /* Production */ = {
			isa = PBXGroup;
			children = (
				B0180ECF26DCC2F1008C6F3C /* Key.plist */,
			);
			path = Production;
			sourceTree = "<group>";
		};
		B0180EE826DCC325008C6F3C /* Dev */ = {
			isa = PBXGroup;
			children = (
				B0180EE926DCC33C008C6F3C /* Key.plist */,
			);
			path = Dev;
			sourceTree = "<group>";
		};
		B0180EF126DCC579008C6F3C /* ViewControllers */ = {
			isa = PBXGroup;
			children = (
				B08E74712705BAC000854190 /* Auth */,
				B0180F0026DCC81D008C6F3C /* Main */,
				B0180EF926DCC5F8008C6F3C /* Start */,
			);
			path = ViewControllers;
			sourceTree = "<group>";
		};
		B0180EF926DCC5F8008C6F3C /* Start */ = {
			isa = PBXGroup;
			children = (
				B0180EFA26DCC604008C6F3C /* SplashViewController.swift */,
				B0180EFD26DCC60A008C6F3C /* SplashViewModel.swift */,
			);
			path = Start;
			sourceTree = "<group>";
		};
		B0180F0026DCC81D008C6F3C /* Main */ = {
			isa = PBXGroup;
			children = (
				B0AD5A6C2705D77700CC07B0 /* Group */,
				B0AD5A6B2705D76A00CC07B0 /* Report */,
				B0AD5A672705D73600CC07B0 /* Home */,
				B014273026DCBA9800DE11E0 /* MainCoordinator.swift */,
				B0180F0126DCC82C008C6F3C /* MainDIContainer.swift */,
				B0AD5A642705D6C300CC07B0 /* MainTabBarViewController.swift */,
			);
			path = Main;
			sourceTree = "<group>";
		};
		B0180F3626DCCB58008C6F3C /* Products */ = {
			isa = PBXGroup;
			children = (
				B0180F3A26DCCB58008C6F3C /* DesignSystem.framework */,
			);
			name = Products;
			sourceTree = "<group>";
		};
		B0180F5726DCCBA0008C6F3C /* Products */ = {
			isa = PBXGroup;
			children = (
				B0180F5B26DCCBA1008C6F3C /* SharedAssets.framework */,
			);
			name = Products;
			sourceTree = "<group>";
		};
		B0180F7626DCCC1E008C6F3C /* Products */ = {
			isa = PBXGroup;
			children = (
				B0180F7A26DCCC1F008C6F3C /* CommonSystem.framework */,
			);
			name = Products;
			sourceTree = "<group>";
		};
		B028037E2706A772009D642A /* SignUp */ = {
			isa = PBXGroup;
			children = (
				B02803822706A784009D642A /* NicknameViewController.swift */,
				B02803852706A7A8009D642A /* NicknameViewModel.swift */,
			);
			path = SignUp;
			sourceTree = "<group>";
		};
		B02803972706D7DA009D642A /* Phrase */ = {
			isa = PBXGroup;
			children = (
				B02803982706D7E5009D642A /* PhraseViewController.swift */,
				B028039E2706D809009D642A /* PhraseViewModel.swift */,
			);
			path = Phrase;
			sourceTree = "<group>";
		};
		B02803B32706F91E009D642A /* Profile */ = {
			isa = PBXGroup;
			children = (
				B02803B72706F92C009D642A /* ProfileView.swift */,
				B02803BA2706FF45009D642A /* WeeklyView.swift */,
			);
			path = Profile;
			sourceTree = "<group>";
		};
		B02803DE270850F2009D642A /* Review */ = {
			isa = PBXGroup;
			children = (
				B02803E027085131009D642A /* ReviewViewController.swift */,
				B02803E327085139009D642A /* ReviewViewModel.swift */,
			);
			path = Review;
			sourceTree = "<group>";
		};
		B02803DF270850F9009D642A /* EditOrder */ = {
			isa = PBXGroup;
			children = (
				B02803E627085141009D642A /* EditOrderViewController.swift */,
				B02803E927085149009D642A /* EditOrderViewModel.swift */,
			);
			path = EditOrder;
			sourceTree = "<group>";
		};
		B02803EC27085197009D642A /* Add */ = {
			isa = PBXGroup;
			children = (
				B02803F32708543D009D642A /* Recommend */,
				B02803ED270851A7009D642A /* AddViewController.swift */,
				B02803F0270851AD009D642A /* AddViewModel.swift */,
			);
			path = Add;
			sourceTree = "<group>";
		};
		B02803F32708543D009D642A /* Recommend */ = {
			isa = PBXGroup;
			children = (
				B02803F427085447009D642A /* RecommendViewController.swift */,
				B02803F72708544F009D642A /* RecommendViewModel.swift */,
			);
			path = Recommend;
			sourceTree = "<group>";
		};
		B02803FA270855F9009D642A /* Notification */ = {
			isa = PBXGroup;
			children = (
				B02803FB27085604009D642A /* NotificationViewController.swift */,
				B02803FE2708561C009D642A /* NotificationViewModel.swift */,
			);
			path = Notification;
			sourceTree = "<group>";
		};
		B08E74712705BAC000854190 /* Auth */ = {
			isa = PBXGroup;
			children = (
				B028037E2706A772009D642A /* SignUp */,
				B08E749E2705C82B00854190 /* Password */,
				B08E747E2705BC8600854190 /* Login */,
				B08E74782705BBA300854190 /* AuthCoordinator.swift */,
				B08E747B2705BBAA00854190 /* AuthDIContainer.swift */,
			);
			path = Auth;
			sourceTree = "<group>";
		};
		B08E747E2705BC8600854190 /* Login */ = {
			isa = PBXGroup;
			children = (
				B08E74752705BAE200854190 /* LoginViewController.swift */,
				B08E747F2705BC9D00854190 /* LoginViewModel.swift */,
			);
			path = Login;
			sourceTree = "<group>";
		};
		B08E749E2705C82B00854190 /* Password */ = {
			isa = PBXGroup;
			children = (
				B08E74A22705C83900854190 /* PasswordViewController.swift */,
				B08E74A62705C84700854190 /* PasswordViewModel.swift */,
			);
			path = Password;
			sourceTree = "<group>";
		};
		B0AD5A672705D73600CC07B0 /* Home */ = {
			isa = PBXGroup;
			children = (
				B02803FA270855F9009D642A /* Notification */,
				B02803EC27085197009D642A /* Add */,
				B02803DF270850F9009D642A /* EditOrder */,
				B02803DE270850F2009D642A /* Review */,
				B02803B32706F91E009D642A /* Profile */,
				B02803972706D7DA009D642A /* Phrase */,
				B0AD5A682705D74000CC07B0 /* HomeViewController.swift */,
				B0AD5A732705DBCC00CC07B0 /* HomeViewModel.swift */,
				B028038E2706D785009D642A /* HomeDIContainer.swift */,
				B02803942706D78D009D642A /* HomeCoordinator.swift */,
			);
			path = Home;
			sourceTree = "<group>";
		};
		B0AD5A6B2705D76A00CC07B0 /* Report */ = {
			isa = PBXGroup;
			children = (
				B0AD5A6D2705D78100CC07B0 /* ReportViewController.swift */,
				B0AD5A762705DBEE00CC07B0 /* ReportViewModel.swift */,
				B02803A12706DCB5009D642A /* ReportDIContainer.swift */,
				B02803A42706DCBF009D642A /* ReportCoordinator.swift */,
			);
			path = Report;
			sourceTree = "<group>";
		};
		B0AD5A6C2705D77700CC07B0 /* Group */ = {
			isa = PBXGroup;
			children = (
				B0AD5A702705D79300CC07B0 /* GroupViewController.swift */,
				B0AD5A792705DBFA00CC07B0 /* GroupViewModel.swift */,
				B02803A72706DD6E009D642A /* GroupDIContainer.swift */,
				B02803AA2706DD75009D642A /* GroupCoordinator.swift */,
			);
			path = Group;
			sourceTree = "<group>";
		};
		B0D16DE626DA57F200A8E52B = {
			isa = PBXGroup;
			children = (
				B0180F7526DCCC1E008C6F3C /* CommonSystem.xcodeproj */,
				B0180F5626DCCBA0008C6F3C /* SharedAssets.xcodeproj */,
				B0180F3526DCCB58008C6F3C /* DesignSystem.xcodeproj */,
				B0D16DF126DA57F200A8E52B /* Minning */,
				B0D16E0B26DA57F400A8E52B /* MinningTests */,
				B0D16E1626DA57F400A8E52B /* MinningUITests */,
				B0D16DF026DA57F200A8E52B /* Products */,
				A8CEA31FF1A9DB2BC92C9FE2 /* Pods */,
				2013D0812D62F2A095D2E0E1 /* Frameworks */,
			);
			sourceTree = "<group>";
		};
		B0D16DF026DA57F200A8E52B /* Products */ = {
			isa = PBXGroup;
			children = (
				B0D16DEF26DA57F200A8E52B /* Minning.app */,
				B0D16E0826DA57F400A8E52B /* MinningTests.xctest */,
				B0D16E1326DA57F400A8E52B /* MinningUITests.xctest */,
				B0180EE526DCC307008C6F3C /* Minning-Dev.app */,
			);
			name = Products;
			sourceTree = "<group>";
		};
		B0D16DF126DA57F200A8E52B /* Minning */ = {
			isa = PBXGroup;
			children = (
				B0180EF126DCC579008C6F3C /* ViewControllers */,
				B0180ECE26DCC2D7008C6F3C /* Config */,
				B0180ECB26DCC0FA008C6F3C /* Application */,
				B0D16DF226DA57F200A8E52B /* AppDelegate.swift */,
				B0D16DFE26DA57F400A8E52B /* Assets.xcassets */,
				B0D16E0026DA57F400A8E52B /* LaunchScreen.storyboard */,
				B0D16E0326DA57F400A8E52B /* Info.plist */,
				B0D16DFB26DA57F200A8E52B /* OurApp.xcdatamodeld */,
			);
			path = Minning;
			sourceTree = "<group>";
		};
		B0D16E0B26DA57F400A8E52B /* MinningTests */ = {
			isa = PBXGroup;
			children = (
				B0D16E0C26DA57F400A8E52B /* OurAppTests.swift */,
				B0D16E0E26DA57F400A8E52B /* Info.plist */,
			);
			path = MinningTests;
			sourceTree = "<group>";
		};
		B0D16E1626DA57F400A8E52B /* MinningUITests */ = {
			isa = PBXGroup;
			children = (
				B0D16E1726DA57F400A8E52B /* OurAppUITests.swift */,
				B0D16E1926DA57F400A8E52B /* Info.plist */,
			);
			path = MinningUITests;
			sourceTree = "<group>";
		};
/* End PBXGroup section */

/* Begin PBXNativeTarget section */
		B0180ED126DCC307008C6F3C /* Minning-Dev */ = {
			isa = PBXNativeTarget;
			buildConfigurationList = B0180EE226DCC307008C6F3C /* Build configuration list for PBXNativeTarget "Minning-Dev" */;
			buildPhases = (
				B0180ED326DCC307008C6F3C /* Sources */,
				B0180EDA26DCC307008C6F3C /* Frameworks */,
				B0180EDC26DCC307008C6F3C /* Resources */,
				B0180EE126DCC307008C6F3C /* ShellScript */,
				B0180F3D26DCCB63008C6F3C /* Embed Frameworks */,
			);
			buildRules = (
			);
			dependencies = (
			);
			name = "Minning-Dev";
			productName = OurApp;
			productReference = B0180EE526DCC307008C6F3C /* Minning-Dev.app */;
			productType = "com.apple.product-type.application";
		};
		B0D16DEE26DA57F200A8E52B /* Minning */ = {
			isa = PBXNativeTarget;
			buildConfigurationList = B0D16E1C26DA57F400A8E52B /* Build configuration list for PBXNativeTarget "Minning" */;
			buildPhases = (
				E206E15C19F3FDA168D09CF4 /* [CP] Check Pods Manifest.lock */,
				B0D16DEB26DA57F200A8E52B /* Sources */,
				B0D16DEC26DA57F200A8E52B /* Frameworks */,
				B0D16DED26DA57F200A8E52B /* Resources */,
				D223C61BEDE7FD90FAF1540A /* [CP] Embed Pods Frameworks */,
				B026B8D926DCBEB0008FDF58 /* ShellScript */,
				B0180F4026DCCB6A008C6F3C /* Embed Frameworks */,
			);
			buildRules = (
			);
			dependencies = (
			);
			name = Minning;
			productName = OurApp;
			productReference = B0D16DEF26DA57F200A8E52B /* Minning.app */;
			productType = "com.apple.product-type.application";
		};
		B0D16E0726DA57F400A8E52B /* MinningTests */ = {
			isa = PBXNativeTarget;
			buildConfigurationList = B0D16E1F26DA57F400A8E52B /* Build configuration list for PBXNativeTarget "MinningTests" */;
			buildPhases = (
				ECE083F9C824AB62009458F5 /* [CP] Check Pods Manifest.lock */,
				B0D16E0426DA57F400A8E52B /* Sources */,
				B0D16E0526DA57F400A8E52B /* Frameworks */,
				B0D16E0626DA57F400A8E52B /* Resources */,
			);
			buildRules = (
			);
			dependencies = (
				B0D16E0A26DA57F400A8E52B /* PBXTargetDependency */,
			);
			name = MinningTests;
			productName = OurAppTests;
			productReference = B0D16E0826DA57F400A8E52B /* MinningTests.xctest */;
			productType = "com.apple.product-type.bundle.unit-test";
		};
		B0D16E1226DA57F400A8E52B /* MinningUITests */ = {
			isa = PBXNativeTarget;
			buildConfigurationList = B0D16E2226DA57F400A8E52B /* Build configuration list for PBXNativeTarget "MinningUITests" */;
			buildPhases = (
				471BB2C8A52A7FCF3322539C /* [CP] Check Pods Manifest.lock */,
				B0D16E0F26DA57F400A8E52B /* Sources */,
				B0D16E1026DA57F400A8E52B /* Frameworks */,
				B0D16E1126DA57F400A8E52B /* Resources */,
				272C73F2B7AB85E380282FCC /* [CP] Embed Pods Frameworks */,
			);
			buildRules = (
			);
			dependencies = (
				B0D16E1526DA57F400A8E52B /* PBXTargetDependency */,
			);
			name = MinningUITests;
			productName = OurAppUITests;
			productReference = B0D16E1326DA57F400A8E52B /* MinningUITests.xctest */;
			productType = "com.apple.product-type.bundle.ui-testing";
		};
/* End PBXNativeTarget section */

/* Begin PBXProject section */
		B0D16DE726DA57F200A8E52B /* Project object */ = {
			isa = PBXProject;
			attributes = {
				LastSwiftUpdateCheck = 1250;
				LastUpgradeCheck = 1250;
				ORGANIZATIONNAME = Minning;
				TargetAttributes = {
					B0D16DEE26DA57F200A8E52B = {
						CreatedOnToolsVersion = 12.5.1;
					};
					B0D16E0726DA57F400A8E52B = {
						CreatedOnToolsVersion = 12.5.1;
						TestTargetID = B0D16DEE26DA57F200A8E52B;
					};
					B0D16E1226DA57F400A8E52B = {
						CreatedOnToolsVersion = 12.5.1;
						TestTargetID = B0D16DEE26DA57F200A8E52B;
					};
				};
			};
			buildConfigurationList = B0D16DEA26DA57F200A8E52B /* Build configuration list for PBXProject "Minning" */;
			compatibilityVersion = "Xcode 9.3";
			developmentRegion = en;
			hasScannedForEncodings = 0;
			knownRegions = (
				en,
				Base,
				ko,
			);
			mainGroup = B0D16DE626DA57F200A8E52B;
			productRefGroup = B0D16DF026DA57F200A8E52B /* Products */;
			projectDirPath = "";
			projectReferences = (
				{
					ProductGroup = B0180F7626DCCC1E008C6F3C /* Products */;
					ProjectRef = B0180F7526DCCC1E008C6F3C /* CommonSystem.xcodeproj */;
				},
				{
					ProductGroup = B0180F3626DCCB58008C6F3C /* Products */;
					ProjectRef = B0180F3526DCCB58008C6F3C /* DesignSystem.xcodeproj */;
				},
				{
					ProductGroup = B0180F5726DCCBA0008C6F3C /* Products */;
					ProjectRef = B0180F5626DCCBA0008C6F3C /* SharedAssets.xcodeproj */;
				},
			);
			projectRoot = "";
			targets = (
				B0D16DEE26DA57F200A8E52B /* Minning */,
				B0180ED126DCC307008C6F3C /* Minning-Dev */,
				B0D16E0726DA57F400A8E52B /* MinningTests */,
				B0D16E1226DA57F400A8E52B /* MinningUITests */,
			);
		};
/* End PBXProject section */

/* Begin PBXReferenceProxy section */
		B0180F3A26DCCB58008C6F3C /* DesignSystem.framework */ = {
			isa = PBXReferenceProxy;
			fileType = wrapper.framework;
			path = DesignSystem.framework;
			remoteRef = B0180F3926DCCB58008C6F3C /* PBXContainerItemProxy */;
			sourceTree = BUILT_PRODUCTS_DIR;
		};
		B0180F5B26DCCBA1008C6F3C /* SharedAssets.framework */ = {
			isa = PBXReferenceProxy;
			fileType = wrapper.framework;
			path = SharedAssets.framework;
			remoteRef = B0180F5A26DCCBA1008C6F3C /* PBXContainerItemProxy */;
			sourceTree = BUILT_PRODUCTS_DIR;
		};
		B0180F7A26DCCC1F008C6F3C /* CommonSystem.framework */ = {
			isa = PBXReferenceProxy;
			fileType = wrapper.framework;
			path = CommonSystem.framework;
			remoteRef = B0180F7926DCCC1F008C6F3C /* PBXContainerItemProxy */;
			sourceTree = BUILT_PRODUCTS_DIR;
		};
/* End PBXReferenceProxy section */

/* Begin PBXResourcesBuildPhase section */
		B0180EDC26DCC307008C6F3C /* Resources */ = {
			isa = PBXResourcesBuildPhase;
			buildActionMask = 2147483647;
			files = (
				B0180EEA26DCC33C008C6F3C /* Key.plist in Resources */,
				B0180EDD26DCC307008C6F3C /* LaunchScreen.storyboard in Resources */,
				B0180EDE26DCC307008C6F3C /* Assets.xcassets in Resources */,
			);
			runOnlyForDeploymentPostprocessing = 0;
		};
		B0D16DED26DA57F200A8E52B /* Resources */ = {
			isa = PBXResourcesBuildPhase;
			buildActionMask = 2147483647;
			files = (
				B0D16E0226DA57F400A8E52B /* LaunchScreen.storyboard in Resources */,
				B0D16DFF26DA57F400A8E52B /* Assets.xcassets in Resources */,
				B0180ED026DCC2F1008C6F3C /* Key.plist in Resources */,
			);
			runOnlyForDeploymentPostprocessing = 0;
		};
		B0D16E0626DA57F400A8E52B /* Resources */ = {
			isa = PBXResourcesBuildPhase;
			buildActionMask = 2147483647;
			files = (
			);
			runOnlyForDeploymentPostprocessing = 0;
		};
		B0D16E1126DA57F400A8E52B /* Resources */ = {
			isa = PBXResourcesBuildPhase;
			buildActionMask = 2147483647;
			files = (
			);
			runOnlyForDeploymentPostprocessing = 0;
		};
/* End PBXResourcesBuildPhase section */

/* Begin PBXShellScriptBuildPhase section */
		272C73F2B7AB85E380282FCC /* [CP] Embed Pods Frameworks */ = {
			isa = PBXShellScriptBuildPhase;
			buildActionMask = 2147483647;
			files = (
			);
			inputFileListPaths = (
				"${PODS_ROOT}/Target Support Files/Pods-Minning-MinningUITests/Pods-Minning-MinningUITests-frameworks-${CONFIGURATION}-input-files.xcfilelist",
			);
			name = "[CP] Embed Pods Frameworks";
			outputFileListPaths = (
				"${PODS_ROOT}/Target Support Files/Pods-Minning-MinningUITests/Pods-Minning-MinningUITests-frameworks-${CONFIGURATION}-output-files.xcfilelist",
			);
			runOnlyForDeploymentPostprocessing = 0;
			shellPath = /bin/sh;
			shellScript = "\"${PODS_ROOT}/Target Support Files/Pods-Minning-MinningUITests/Pods-Minning-MinningUITests-frameworks.sh\"\n";
			showEnvVarsInLog = 0;
		};
		471BB2C8A52A7FCF3322539C /* [CP] Check Pods Manifest.lock */ = {
			isa = PBXShellScriptBuildPhase;
			buildActionMask = 2147483647;
			files = (
			);
			inputFileListPaths = (
			);
			inputPaths = (
				"${PODS_PODFILE_DIR_PATH}/Podfile.lock",
				"${PODS_ROOT}/Manifest.lock",
			);
			name = "[CP] Check Pods Manifest.lock";
			outputFileListPaths = (
			);
			outputPaths = (
				"$(DERIVED_FILE_DIR)/Pods-Minning-MinningUITests-checkManifestLockResult.txt",
			);
			runOnlyForDeploymentPostprocessing = 0;
			shellPath = /bin/sh;
			shellScript = "diff \"${PODS_PODFILE_DIR_PATH}/Podfile.lock\" \"${PODS_ROOT}/Manifest.lock\" > /dev/null\nif [ $? != 0 ] ; then\n    # print error to STDERR\n    echo \"error: The sandbox is not in sync with the Podfile.lock. Run 'pod install' or update your CocoaPods installation.\" >&2\n    exit 1\nfi\n# This output is used by Xcode 'outputs' to avoid re-running this script phase.\necho \"SUCCESS\" > \"${SCRIPT_OUTPUT_FILE_0}\"\n";
			showEnvVarsInLog = 0;
		};
		B0180EE126DCC307008C6F3C /* ShellScript */ = {
			isa = PBXShellScriptBuildPhase;
			buildActionMask = 2147483647;
			files = (
			);
			inputFileListPaths = (
			);
			inputPaths = (
			);
			outputFileListPaths = (
			);
			outputPaths = (
			);
			runOnlyForDeploymentPostprocessing = 0;
			shellPath = /bin/sh;
			shellScript = "# Type a script or drag a script file from your workspace to insert its path.\n${PODS_ROOT}/SwiftLint/swiftlint\n";
		};
		B026B8D926DCBEB0008FDF58 /* ShellScript */ = {
			isa = PBXShellScriptBuildPhase;
			buildActionMask = 2147483647;
			files = (
			);
			inputFileListPaths = (
			);
			inputPaths = (
			);
			outputFileListPaths = (
			);
			outputPaths = (
			);
			runOnlyForDeploymentPostprocessing = 0;
			shellPath = /bin/sh;
			shellScript = "# Type a script or drag a script file from your workspace to insert its path.\n${PODS_ROOT}/SwiftLint/swiftlint\n";
		};
		D223C61BEDE7FD90FAF1540A /* [CP] Embed Pods Frameworks */ = {
			isa = PBXShellScriptBuildPhase;
			buildActionMask = 2147483647;
			files = (
			);
			inputFileListPaths = (
				"${PODS_ROOT}/Target Support Files/Pods-Minning/Pods-Minning-frameworks-${CONFIGURATION}-input-files.xcfilelist",
			);
			name = "[CP] Embed Pods Frameworks";
			outputFileListPaths = (
				"${PODS_ROOT}/Target Support Files/Pods-Minning/Pods-Minning-frameworks-${CONFIGURATION}-output-files.xcfilelist",
			);
			runOnlyForDeploymentPostprocessing = 0;
			shellPath = /bin/sh;
			shellScript = "\"${PODS_ROOT}/Target Support Files/Pods-Minning/Pods-Minning-frameworks.sh\"\n";
			showEnvVarsInLog = 0;
		};
		E206E15C19F3FDA168D09CF4 /* [CP] Check Pods Manifest.lock */ = {
			isa = PBXShellScriptBuildPhase;
			buildActionMask = 2147483647;
			files = (
			);
			inputFileListPaths = (
			);
			inputPaths = (
				"${PODS_PODFILE_DIR_PATH}/Podfile.lock",
				"${PODS_ROOT}/Manifest.lock",
			);
			name = "[CP] Check Pods Manifest.lock";
			outputFileListPaths = (
			);
			outputPaths = (
				"$(DERIVED_FILE_DIR)/Pods-Minning-checkManifestLockResult.txt",
			);
			runOnlyForDeploymentPostprocessing = 0;
			shellPath = /bin/sh;
			shellScript = "diff \"${PODS_PODFILE_DIR_PATH}/Podfile.lock\" \"${PODS_ROOT}/Manifest.lock\" > /dev/null\nif [ $? != 0 ] ; then\n    # print error to STDERR\n    echo \"error: The sandbox is not in sync with the Podfile.lock. Run 'pod install' or update your CocoaPods installation.\" >&2\n    exit 1\nfi\n# This output is used by Xcode 'outputs' to avoid re-running this script phase.\necho \"SUCCESS\" > \"${SCRIPT_OUTPUT_FILE_0}\"\n";
			showEnvVarsInLog = 0;
		};
		ECE083F9C824AB62009458F5 /* [CP] Check Pods Manifest.lock */ = {
			isa = PBXShellScriptBuildPhase;
			buildActionMask = 2147483647;
			files = (
			);
			inputFileListPaths = (
			);
			inputPaths = (
				"${PODS_PODFILE_DIR_PATH}/Podfile.lock",
				"${PODS_ROOT}/Manifest.lock",
			);
			name = "[CP] Check Pods Manifest.lock";
			outputFileListPaths = (
			);
			outputPaths = (
				"$(DERIVED_FILE_DIR)/Pods-MinningTests-checkManifestLockResult.txt",
			);
			runOnlyForDeploymentPostprocessing = 0;
			shellPath = /bin/sh;
			shellScript = "diff \"${PODS_PODFILE_DIR_PATH}/Podfile.lock\" \"${PODS_ROOT}/Manifest.lock\" > /dev/null\nif [ $? != 0 ] ; then\n    # print error to STDERR\n    echo \"error: The sandbox is not in sync with the Podfile.lock. Run 'pod install' or update your CocoaPods installation.\" >&2\n    exit 1\nfi\n# This output is used by Xcode 'outputs' to avoid re-running this script phase.\necho \"SUCCESS\" > \"${SCRIPT_OUTPUT_FILE_0}\"\n";
			showEnvVarsInLog = 0;
		};
/* End PBXShellScriptBuildPhase section */

/* Begin PBXSourcesBuildPhase section */
		B0180ED326DCC307008C6F3C /* Sources */ = {
			isa = PBXSourcesBuildPhase;
			buildActionMask = 2147483647;
			files = (
				B02803F2270851AD009D642A /* AddViewModel.swift in Sources */,
				B0AD5A782705DBEE00CC07B0 /* ReportViewModel.swift in Sources */,
				B08E74772705BAE200854190 /* LoginViewController.swift in Sources */,
				B02803872706A7A8009D642A /* NicknameViewModel.swift in Sources */,
				B08E747A2705BBA300854190 /* AuthCoordinator.swift in Sources */,
				B02803A32706DCB5009D642A /* ReportDIContainer.swift in Sources */,
				B0180EF026DCC551008C6F3C /* AppDIContainer.swift in Sources */,
				B02803842706A784009D642A /* NicknameViewController.swift in Sources */,
				B0180ED426DCC307008C6F3C /* AppConfiguration.swift in Sources */,
				B0AD5A752705DBCC00CC07B0 /* HomeViewModel.swift in Sources */,
				B02803E827085141009D642A /* EditOrderViewController.swift in Sources */,
				B02803EF270851A7009D642A /* AddViewController.swift in Sources */,
				B0AD5A5C2705D66400CC07B0 /* BaseViewController.swift in Sources */,
				B0180F0326DCC82C008C6F3C /* MainDIContainer.swift in Sources */,
				B02803EB27085149009D642A /* EditOrderViewModel.swift in Sources */,
				B0180EFC26DCC604008C6F3C /* SplashViewController.swift in Sources */,
				B0180ED626DCC307008C6F3C /* MainCoordinator.swift in Sources */,
				B08E74812705BC9D00854190 /* LoginViewModel.swift in Sources */,
				B02803A92706DD6E009D642A /* GroupDIContainer.swift in Sources */,
				B08E74A42705C83900854190 /* PasswordViewController.swift in Sources */,
				B0AD5A662705D6C300CC07B0 /* MainTabBarViewController.swift in Sources */,
				B02803BC2706FF45009D642A /* WeeklyView.swift in Sources */,
				B028039A2706D7E5009D642A /* PhraseViewController.swift in Sources */,
				B02803F627085447009D642A /* RecommendViewController.swift in Sources */,
				B02803A62706DCBF009D642A /* ReportCoordinator.swift in Sources */,
				B0180EFF26DCC60A008C6F3C /* SplashViewModel.swift in Sources */,
				B0180ED726DCC307008C6F3C /* AppDelegate.swift in Sources */,
				B0AD5A722705D79300CC07B0 /* GroupViewController.swift in Sources */,
				B0180ED826DCC307008C6F3C /* OurApp.xcdatamodeld in Sources */,
				B0AD5A6A2705D74000CC07B0 /* HomeViewController.swift in Sources */,
				B02803962706D78D009D642A /* HomeCoordinator.swift in Sources */,
				B02803E227085131009D642A /* ReviewViewController.swift in Sources */,
				B08E74A82705C84700854190 /* PasswordViewModel.swift in Sources */,
				B02803B92706F92C009D642A /* ProfileView.swift in Sources */,
				B02803FD27085604009D642A /* NotificationViewController.swift in Sources */,
				B02803A02706D809009D642A /* PhraseViewModel.swift in Sources */,
				B02803AC2706DD75009D642A /* GroupCoordinator.swift in Sources */,
				B08E747D2705BBAA00854190 /* AuthDIContainer.swift in Sources */,
				B0180EED26DCC52A008C6F3C /* AppCoordinator.swift in Sources */,
				B0AD5A6F2705D78100CC07B0 /* ReportViewController.swift in Sources */,
				B02803E527085139009D642A /* ReviewViewModel.swift in Sources */,
				B02804002708561C009D642A /* NotificationViewModel.swift in Sources */,
				B0AD5A7B2705DBFA00CC07B0 /* GroupViewModel.swift in Sources */,
				B02803902706D785009D642A /* HomeDIContainer.swift in Sources */,
				B02803F92708544F009D642A /* RecommendViewModel.swift in Sources */,
			);
			runOnlyForDeploymentPostprocessing = 0;
		};
		B0D16DEB26DA57F200A8E52B /* Sources */ = {
			isa = PBXSourcesBuildPhase;
			buildActionMask = 2147483647;
			files = (
				B02803F1270851AD009D642A /* AddViewModel.swift in Sources */,
				B0AD5A772705DBEE00CC07B0 /* ReportViewModel.swift in Sources */,
				B08E74762705BAE200854190 /* LoginViewController.swift in Sources */,
				B02803862706A7A8009D642A /* NicknameViewModel.swift in Sources */,
				B08E74792705BBA300854190 /* AuthCoordinator.swift in Sources */,
				B02803A22706DCB5009D642A /* ReportDIContainer.swift in Sources */,
				B0180EEF26DCC551008C6F3C /* AppDIContainer.swift in Sources */,
				B02803832706A784009D642A /* NicknameViewController.swift in Sources */,
				B0180ECD26DCC103008C6F3C /* AppConfiguration.swift in Sources */,
				B0AD5A742705DBCC00CC07B0 /* HomeViewModel.swift in Sources */,
				B02803E727085141009D642A /* EditOrderViewController.swift in Sources */,
				B02803EE270851A7009D642A /* AddViewController.swift in Sources */,
				B0AD5A5B2705D66400CC07B0 /* BaseViewController.swift in Sources */,
				B0180F0226DCC82C008C6F3C /* MainDIContainer.swift in Sources */,
				B02803EA27085149009D642A /* EditOrderViewModel.swift in Sources */,
				B0180EFB26DCC604008C6F3C /* SplashViewController.swift in Sources */,
				B014273126DCBA9800DE11E0 /* MainCoordinator.swift in Sources */,
				B08E74802705BC9D00854190 /* LoginViewModel.swift in Sources */,
				B02803A82706DD6E009D642A /* GroupDIContainer.swift in Sources */,
				B08E74A32705C83900854190 /* PasswordViewController.swift in Sources */,
				B0AD5A652705D6C300CC07B0 /* MainTabBarViewController.swift in Sources */,
				B02803BB2706FF45009D642A /* WeeklyView.swift in Sources */,
				B02803992706D7E5009D642A /* PhraseViewController.swift in Sources */,
				B02803F527085447009D642A /* RecommendViewController.swift in Sources */,
				B02803A52706DCBF009D642A /* ReportCoordinator.swift in Sources */,
				B0180EFE26DCC60A008C6F3C /* SplashViewModel.swift in Sources */,
				B0D16DF326DA57F200A8E52B /* AppDelegate.swift in Sources */,
				B0AD5A712705D79300CC07B0 /* GroupViewController.swift in Sources */,
				B0D16DFD26DA57F200A8E52B /* OurApp.xcdatamodeld in Sources */,
				B0AD5A692705D74000CC07B0 /* HomeViewController.swift in Sources */,
				B02803952706D78D009D642A /* HomeCoordinator.swift in Sources */,
				B02803E127085131009D642A /* ReviewViewController.swift in Sources */,
				B08E74A72705C84700854190 /* PasswordViewModel.swift in Sources */,
				B02803B82706F92C009D642A /* ProfileView.swift in Sources */,
				B02803FC27085604009D642A /* NotificationViewController.swift in Sources */,
				B028039F2706D809009D642A /* PhraseViewModel.swift in Sources */,
				B02803AB2706DD75009D642A /* GroupCoordinator.swift in Sources */,
				B08E747C2705BBAA00854190 /* AuthDIContainer.swift in Sources */,
				B0180EEC26DCC52A008C6F3C /* AppCoordinator.swift in Sources */,
				B0AD5A6E2705D78100CC07B0 /* ReportViewController.swift in Sources */,
				B02803E427085139009D642A /* ReviewViewModel.swift in Sources */,
				B02803FF2708561C009D642A /* NotificationViewModel.swift in Sources */,
				B0AD5A7A2705DBFA00CC07B0 /* GroupViewModel.swift in Sources */,
				B028038F2706D785009D642A /* HomeDIContainer.swift in Sources */,
				B02803F82708544F009D642A /* RecommendViewModel.swift in Sources */,
			);
			runOnlyForDeploymentPostprocessing = 0;
		};
		B0D16E0426DA57F400A8E52B /* Sources */ = {
			isa = PBXSourcesBuildPhase;
			buildActionMask = 2147483647;
			files = (
				B0D16E0D26DA57F400A8E52B /* OurAppTests.swift in Sources */,
			);
			runOnlyForDeploymentPostprocessing = 0;
		};
		B0D16E0F26DA57F400A8E52B /* Sources */ = {
			isa = PBXSourcesBuildPhase;
			buildActionMask = 2147483647;
			files = (
				B0D16E1826DA57F400A8E52B /* OurAppUITests.swift in Sources */,
			);
			runOnlyForDeploymentPostprocessing = 0;
		};
/* End PBXSourcesBuildPhase section */

/* Begin PBXTargetDependency section */
		B0D16E0A26DA57F400A8E52B /* PBXTargetDependency */ = {
			isa = PBXTargetDependency;
			target = B0D16DEE26DA57F200A8E52B /* Minning */;
			targetProxy = B0D16E0926DA57F400A8E52B /* PBXContainerItemProxy */;
		};
		B0D16E1526DA57F400A8E52B /* PBXTargetDependency */ = {
			isa = PBXTargetDependency;
			target = B0D16DEE26DA57F200A8E52B /* Minning */;
			targetProxy = B0D16E1426DA57F400A8E52B /* PBXContainerItemProxy */;
		};
/* End PBXTargetDependency section */

/* Begin PBXVariantGroup section */
		B0D16E0026DA57F400A8E52B /* LaunchScreen.storyboard */ = {
			isa = PBXVariantGroup;
			children = (
				B0D16E0126DA57F400A8E52B /* Base */,
				B0180FB026DCD010008C6F3C /* ko */,
			);
			name = LaunchScreen.storyboard;
			sourceTree = "<group>";
		};
/* End PBXVariantGroup section */

/* Begin XCBuildConfiguration section */
		B0180EE326DCC307008C6F3C /* Debug */ = {
			isa = XCBuildConfiguration;
			buildSettings = {
				ASSETCATALOG_COMPILER_APPICON_NAME = AppIcon;
				ASSETCATALOG_COMPILER_GLOBAL_ACCENT_COLOR_NAME = AccentColor;
				CODE_SIGN_STYLE = Automatic;
				DEVELOPMENT_TEAM = M79H9K226Y;
				INFOPLIST_FILE = "OurApp copy-Info.plist";
				IPHONEOS_DEPLOYMENT_TARGET = 12.0;
				LD_RUNPATH_SEARCH_PATHS = (
					"$(inherited)",
					"@executable_path/Frameworks",
				);
				PRODUCT_BUNDLE_IDENTIFIER = com.dev.denny.Minning;
				PRODUCT_NAME = "$(TARGET_NAME)";
				SWIFT_ACTIVE_COMPILATION_CONDITIONS = DEV;
				SWIFT_VERSION = 5.0;
				TARGETED_DEVICE_FAMILY = "1,2";
			};
			name = Debug;
		};
		B0180EE426DCC307008C6F3C /* Release */ = {
			isa = XCBuildConfiguration;
			buildSettings = {
				ASSETCATALOG_COMPILER_APPICON_NAME = AppIcon;
				ASSETCATALOG_COMPILER_GLOBAL_ACCENT_COLOR_NAME = AccentColor;
				CODE_SIGN_STYLE = Automatic;
				DEVELOPMENT_TEAM = M79H9K226Y;
				INFOPLIST_FILE = "OurApp copy-Info.plist";
				IPHONEOS_DEPLOYMENT_TARGET = 12.0;
				LD_RUNPATH_SEARCH_PATHS = (
					"$(inherited)",
					"@executable_path/Frameworks",
				);
				PRODUCT_BUNDLE_IDENTIFIER = com.dev.denny.Minning;
				PRODUCT_NAME = "$(TARGET_NAME)";
				SWIFT_ACTIVE_COMPILATION_CONDITIONS = REAL;
				SWIFT_VERSION = 5.0;
				TARGETED_DEVICE_FAMILY = "1,2";
			};
			name = Release;
		};
		B0D16E1A26DA57F400A8E52B /* Debug */ = {
			isa = XCBuildConfiguration;
			buildSettings = {
				ALWAYS_SEARCH_USER_PATHS = NO;
				CLANG_ANALYZER_LOCALIZABILITY_NONLOCALIZED = YES;
				CLANG_ANALYZER_NONNULL = YES;
				CLANG_ANALYZER_NUMBER_OBJECT_CONVERSION = YES_AGGRESSIVE;
				CLANG_CXX_LANGUAGE_STANDARD = "gnu++14";
				CLANG_CXX_LIBRARY = "libc++";
				CLANG_ENABLE_MODULES = YES;
				CLANG_ENABLE_OBJC_ARC = YES;
				CLANG_ENABLE_OBJC_WEAK = YES;
				CLANG_WARN_BLOCK_CAPTURE_AUTORELEASING = YES;
				CLANG_WARN_BOOL_CONVERSION = YES;
				CLANG_WARN_COMMA = YES;
				CLANG_WARN_CONSTANT_CONVERSION = YES;
				CLANG_WARN_DEPRECATED_OBJC_IMPLEMENTATIONS = YES;
				CLANG_WARN_DIRECT_OBJC_ISA_USAGE = YES_ERROR;
				CLANG_WARN_DOCUMENTATION_COMMENTS = YES;
				CLANG_WARN_EMPTY_BODY = YES;
				CLANG_WARN_ENUM_CONVERSION = YES;
				CLANG_WARN_INFINITE_RECURSION = YES;
				CLANG_WARN_INT_CONVERSION = YES;
				CLANG_WARN_NON_LITERAL_NULL_CONVERSION = YES;
				CLANG_WARN_OBJC_IMPLICIT_RETAIN_SELF = YES;
				CLANG_WARN_OBJC_LITERAL_CONVERSION = YES;
				CLANG_WARN_OBJC_ROOT_CLASS = YES_ERROR;
				CLANG_WARN_QUOTED_INCLUDE_IN_FRAMEWORK_HEADER = YES;
				CLANG_WARN_RANGE_LOOP_ANALYSIS = YES;
				CLANG_WARN_STRICT_PROTOTYPES = YES;
				CLANG_WARN_SUSPICIOUS_MOVE = YES;
				CLANG_WARN_UNGUARDED_AVAILABILITY = YES_AGGRESSIVE;
				CLANG_WARN_UNREACHABLE_CODE = YES;
				CLANG_WARN__DUPLICATE_METHOD_MATCH = YES;
				COPY_PHASE_STRIP = NO;
				DEBUG_INFORMATION_FORMAT = dwarf;
				ENABLE_STRICT_OBJC_MSGSEND = YES;
				ENABLE_TESTABILITY = YES;
				GCC_C_LANGUAGE_STANDARD = gnu11;
				GCC_DYNAMIC_NO_PIC = NO;
				GCC_NO_COMMON_BLOCKS = YES;
				GCC_OPTIMIZATION_LEVEL = 0;
				GCC_PREPROCESSOR_DEFINITIONS = (
					"DEBUG=1",
					"$(inherited)",
				);
				GCC_WARN_64_TO_32_BIT_CONVERSION = YES;
				GCC_WARN_ABOUT_RETURN_TYPE = YES_ERROR;
				GCC_WARN_UNDECLARED_SELECTOR = YES;
				GCC_WARN_UNINITIALIZED_AUTOS = YES_AGGRESSIVE;
				GCC_WARN_UNUSED_FUNCTION = YES;
				GCC_WARN_UNUSED_VARIABLE = YES;
				IPHONEOS_DEPLOYMENT_TARGET = 12.0;
				MTL_ENABLE_DEBUG_INFO = INCLUDE_SOURCE;
				MTL_FAST_MATH = YES;
				ONLY_ACTIVE_ARCH = YES;
				SDKROOT = iphoneos;
				SWIFT_ACTIVE_COMPILATION_CONDITIONS = DEBUG;
				SWIFT_OPTIMIZATION_LEVEL = "-Onone";
			};
			name = Debug;
		};
		B0D16E1B26DA57F400A8E52B /* Release */ = {
			isa = XCBuildConfiguration;
			buildSettings = {
				ALWAYS_SEARCH_USER_PATHS = NO;
				CLANG_ANALYZER_LOCALIZABILITY_NONLOCALIZED = YES;
				CLANG_ANALYZER_NONNULL = YES;
				CLANG_ANALYZER_NUMBER_OBJECT_CONVERSION = YES_AGGRESSIVE;
				CLANG_CXX_LANGUAGE_STANDARD = "gnu++14";
				CLANG_CXX_LIBRARY = "libc++";
				CLANG_ENABLE_MODULES = YES;
				CLANG_ENABLE_OBJC_ARC = YES;
				CLANG_ENABLE_OBJC_WEAK = YES;
				CLANG_WARN_BLOCK_CAPTURE_AUTORELEASING = YES;
				CLANG_WARN_BOOL_CONVERSION = YES;
				CLANG_WARN_COMMA = YES;
				CLANG_WARN_CONSTANT_CONVERSION = YES;
				CLANG_WARN_DEPRECATED_OBJC_IMPLEMENTATIONS = YES;
				CLANG_WARN_DIRECT_OBJC_ISA_USAGE = YES_ERROR;
				CLANG_WARN_DOCUMENTATION_COMMENTS = YES;
				CLANG_WARN_EMPTY_BODY = YES;
				CLANG_WARN_ENUM_CONVERSION = YES;
				CLANG_WARN_INFINITE_RECURSION = YES;
				CLANG_WARN_INT_CONVERSION = YES;
				CLANG_WARN_NON_LITERAL_NULL_CONVERSION = YES;
				CLANG_WARN_OBJC_IMPLICIT_RETAIN_SELF = YES;
				CLANG_WARN_OBJC_LITERAL_CONVERSION = YES;
				CLANG_WARN_OBJC_ROOT_CLASS = YES_ERROR;
				CLANG_WARN_QUOTED_INCLUDE_IN_FRAMEWORK_HEADER = YES;
				CLANG_WARN_RANGE_LOOP_ANALYSIS = YES;
				CLANG_WARN_STRICT_PROTOTYPES = YES;
				CLANG_WARN_SUSPICIOUS_MOVE = YES;
				CLANG_WARN_UNGUARDED_AVAILABILITY = YES_AGGRESSIVE;
				CLANG_WARN_UNREACHABLE_CODE = YES;
				CLANG_WARN__DUPLICATE_METHOD_MATCH = YES;
				COPY_PHASE_STRIP = NO;
				DEBUG_INFORMATION_FORMAT = "dwarf-with-dsym";
				ENABLE_NS_ASSERTIONS = NO;
				ENABLE_STRICT_OBJC_MSGSEND = YES;
				GCC_C_LANGUAGE_STANDARD = gnu11;
				GCC_NO_COMMON_BLOCKS = YES;
				GCC_WARN_64_TO_32_BIT_CONVERSION = YES;
				GCC_WARN_ABOUT_RETURN_TYPE = YES_ERROR;
				GCC_WARN_UNDECLARED_SELECTOR = YES;
				GCC_WARN_UNINITIALIZED_AUTOS = YES_AGGRESSIVE;
				GCC_WARN_UNUSED_FUNCTION = YES;
				GCC_WARN_UNUSED_VARIABLE = YES;
				IPHONEOS_DEPLOYMENT_TARGET = 12.0;
				MTL_ENABLE_DEBUG_INFO = NO;
				MTL_FAST_MATH = YES;
				SDKROOT = iphoneos;
				SWIFT_COMPILATION_MODE = wholemodule;
				SWIFT_OPTIMIZATION_LEVEL = "-O";
				VALIDATE_PRODUCT = YES;
			};
			name = Release;
		};
		B0D16E1D26DA57F400A8E52B /* Debug */ = {
			isa = XCBuildConfiguration;
			baseConfigurationReference = 334BC8D8050DAFE1ADA438A1 /* Pods-Minning.debug.xcconfig */;
			buildSettings = {
				ASSETCATALOG_COMPILER_APPICON_NAME = AppIcon;
				ASSETCATALOG_COMPILER_GLOBAL_ACCENT_COLOR_NAME = AccentColor;
				CODE_SIGN_STYLE = Automatic;
				DEVELOPMENT_TEAM = M79H9K226Y;
				INFOPLIST_FILE = Minning/Info.plist;
				IPHONEOS_DEPLOYMENT_TARGET = 12.0;
				LD_RUNPATH_SEARCH_PATHS = (
					"$(inherited)",
					"@executable_path/Frameworks",
				);
				PRODUCT_BUNDLE_IDENTIFIER = com.denny.Minning;
				PRODUCT_NAME = "$(TARGET_NAME)";
				SWIFT_ACTIVE_COMPILATION_CONDITIONS = DEV;
				SWIFT_VERSION = 5.0;
				TARGETED_DEVICE_FAMILY = "1,2";
			};
			name = Debug;
		};
		B0D16E1E26DA57F400A8E52B /* Release */ = {
			isa = XCBuildConfiguration;
			baseConfigurationReference = B6A5A7CC6938E672B3DF7DA0 /* Pods-Minning.release.xcconfig */;
			buildSettings = {
				ASSETCATALOG_COMPILER_APPICON_NAME = AppIcon;
				ASSETCATALOG_COMPILER_GLOBAL_ACCENT_COLOR_NAME = AccentColor;
				CODE_SIGN_STYLE = Automatic;
				DEVELOPMENT_TEAM = M79H9K226Y;
				INFOPLIST_FILE = Minning/Info.plist;
				IPHONEOS_DEPLOYMENT_TARGET = 12.0;
				LD_RUNPATH_SEARCH_PATHS = (
					"$(inherited)",
					"@executable_path/Frameworks",
				);
				PRODUCT_BUNDLE_IDENTIFIER = com.denny.Minning;
				PRODUCT_NAME = "$(TARGET_NAME)";
				SWIFT_ACTIVE_COMPILATION_CONDITIONS = REAL;
				SWIFT_VERSION = 5.0;
				TARGETED_DEVICE_FAMILY = "1,2";
			};
			name = Release;
		};
		B0D16E2026DA57F400A8E52B /* Debug */ = {
			isa = XCBuildConfiguration;
			baseConfigurationReference = 975B90C40CC40E15C50781FD /* Pods-MinningTests.debug.xcconfig */;
			buildSettings = {
				ALWAYS_EMBED_SWIFT_STANDARD_LIBRARIES = YES;
				BUNDLE_LOADER = "$(TEST_HOST)";
				CODE_SIGN_STYLE = Automatic;
				DEVELOPMENT_TEAM = M79H9K226Y;
				INFOPLIST_FILE = OurAppTests/Info.plist;
				IPHONEOS_DEPLOYMENT_TARGET = 14.5;
				LD_RUNPATH_SEARCH_PATHS = (
					"$(inherited)",
					"@executable_path/Frameworks",
					"@loader_path/Frameworks",
				);
				PRODUCT_BUNDLE_IDENTIFIER = com.denny.OurAppTests;
				PRODUCT_NAME = "$(TARGET_NAME)";
				SWIFT_VERSION = 5.0;
				TARGETED_DEVICE_FAMILY = "1,2";
				TEST_HOST = "$(BUILT_PRODUCTS_DIR)/Minning.app/Minning";
			};
			name = Debug;
		};
		B0D16E2126DA57F400A8E52B /* Release */ = {
			isa = XCBuildConfiguration;
			baseConfigurationReference = 5446A7406739313C55583867 /* Pods-MinningTests.release.xcconfig */;
			buildSettings = {
				ALWAYS_EMBED_SWIFT_STANDARD_LIBRARIES = YES;
				BUNDLE_LOADER = "$(TEST_HOST)";
				CODE_SIGN_STYLE = Automatic;
				DEVELOPMENT_TEAM = M79H9K226Y;
				INFOPLIST_FILE = OurAppTests/Info.plist;
				IPHONEOS_DEPLOYMENT_TARGET = 14.5;
				LD_RUNPATH_SEARCH_PATHS = (
					"$(inherited)",
					"@executable_path/Frameworks",
					"@loader_path/Frameworks",
				);
				PRODUCT_BUNDLE_IDENTIFIER = com.denny.OurAppTests;
				PRODUCT_NAME = "$(TARGET_NAME)";
				SWIFT_VERSION = 5.0;
				TARGETED_DEVICE_FAMILY = "1,2";
				TEST_HOST = "$(BUILT_PRODUCTS_DIR)/Minning.app/Minning";
			};
			name = Release;
		};
		B0D16E2326DA57F400A8E52B /* Debug */ = {
			isa = XCBuildConfiguration;
			baseConfigurationReference = 9A047CF140C0431A3FAD1B16 /* Pods-Minning-MinningUITests.debug.xcconfig */;
			buildSettings = {
				ALWAYS_EMBED_SWIFT_STANDARD_LIBRARIES = YES;
				CODE_SIGN_STYLE = Automatic;
				DEVELOPMENT_TEAM = M79H9K226Y;
				INFOPLIST_FILE = OurAppUITests/Info.plist;
				LD_RUNPATH_SEARCH_PATHS = (
					"$(inherited)",
					"@executable_path/Frameworks",
					"@loader_path/Frameworks",
				);
				PRODUCT_BUNDLE_IDENTIFIER = com.denny.OurAppUITests;
				PRODUCT_NAME = "$(TARGET_NAME)";
				SWIFT_VERSION = 5.0;
				TARGETED_DEVICE_FAMILY = "1,2";
				TEST_TARGET_NAME = OurApp;
			};
			name = Debug;
		};
		B0D16E2426DA57F400A8E52B /* Release */ = {
			isa = XCBuildConfiguration;
			baseConfigurationReference = D675A623130A66076EAD741B /* Pods-Minning-MinningUITests.release.xcconfig */;
			buildSettings = {
				ALWAYS_EMBED_SWIFT_STANDARD_LIBRARIES = YES;
				CODE_SIGN_STYLE = Automatic;
				DEVELOPMENT_TEAM = M79H9K226Y;
				INFOPLIST_FILE = OurAppUITests/Info.plist;
				LD_RUNPATH_SEARCH_PATHS = (
					"$(inherited)",
					"@executable_path/Frameworks",
					"@loader_path/Frameworks",
				);
				PRODUCT_BUNDLE_IDENTIFIER = com.denny.OurAppUITests;
				PRODUCT_NAME = "$(TARGET_NAME)";
				SWIFT_VERSION = 5.0;
				TARGETED_DEVICE_FAMILY = "1,2";
				TEST_TARGET_NAME = OurApp;
			};
			name = Release;
		};
/* End XCBuildConfiguration section */

/* Begin XCConfigurationList section */
		B0180EE226DCC307008C6F3C /* Build configuration list for PBXNativeTarget "Minning-Dev" */ = {
			isa = XCConfigurationList;
			buildConfigurations = (
				B0180EE326DCC307008C6F3C /* Debug */,
				B0180EE426DCC307008C6F3C /* Release */,
			);
			defaultConfigurationIsVisible = 0;
			defaultConfigurationName = Release;
		};
		B0D16DEA26DA57F200A8E52B /* Build configuration list for PBXProject "Minning" */ = {
			isa = XCConfigurationList;
			buildConfigurations = (
				B0D16E1A26DA57F400A8E52B /* Debug */,
				B0D16E1B26DA57F400A8E52B /* Release */,
			);
			defaultConfigurationIsVisible = 0;
			defaultConfigurationName = Release;
		};
		B0D16E1C26DA57F400A8E52B /* Build configuration list for PBXNativeTarget "Minning" */ = {
			isa = XCConfigurationList;
			buildConfigurations = (
				B0D16E1D26DA57F400A8E52B /* Debug */,
				B0D16E1E26DA57F400A8E52B /* Release */,
			);
			defaultConfigurationIsVisible = 0;
			defaultConfigurationName = Release;
		};
		B0D16E1F26DA57F400A8E52B /* Build configuration list for PBXNativeTarget "MinningTests" */ = {
			isa = XCConfigurationList;
			buildConfigurations = (
				B0D16E2026DA57F400A8E52B /* Debug */,
				B0D16E2126DA57F400A8E52B /* Release */,
			);
			defaultConfigurationIsVisible = 0;
			defaultConfigurationName = Release;
		};
		B0D16E2226DA57F400A8E52B /* Build configuration list for PBXNativeTarget "MinningUITests" */ = {
			isa = XCConfigurationList;
			buildConfigurations = (
				B0D16E2326DA57F400A8E52B /* Debug */,
				B0D16E2426DA57F400A8E52B /* Release */,
			);
			defaultConfigurationIsVisible = 0;
			defaultConfigurationName = Release;
		};
/* End XCConfigurationList section */

/* Begin XCVersionGroup section */
		B0D16DFB26DA57F200A8E52B /* OurApp.xcdatamodeld */ = {
			isa = XCVersionGroup;
			children = (
				B0D16DFC26DA57F200A8E52B /* OurApp.xcdatamodel */,
			);
			currentVersion = B0D16DFC26DA57F200A8E52B /* OurApp.xcdatamodel */;
			path = OurApp.xcdatamodeld;
			sourceTree = "<group>";
			versionGroupType = wrapper.xcdatamodel;
		};
/* End XCVersionGroup section */
	};
	rootObject = B0D16DE726DA57F200A8E52B /* Project object */;
}
